
Microsoft Visual Studio Solution File, Format Version 12.00
# Visual Studio Version 17
VisualStudioVersion = 17.4.33122.133
MinimumVisualStudioVersion = 10.0.40219.1
Project("{9A19103F-16F7-4668-BE54-9A1E7A4F7556}") = "ClassIsland", "ClassIsland\ClassIsland.csproj", "{F78DB747-AB6C-4B83-9139-37DFC58C0146}"
EndProject
Project("{9A19103F-16F7-4668-BE54-9A1E7A4F7556}") = "ClassIsland.Shared", "ClassIsland.Shared\ClassIsland.Shared.csproj", "{1A19A8AD-A401-445A-8C63-77EC5B7C103F}"
EndProject
Project("{9A19103F-16F7-4668-BE54-9A1E7A4F7556}") = "ClassIsland.Core", "ClassIsland.Core\ClassIsland.Core.csproj", "{DF9F0F39-65EE-411C-A982-FC5973AD7F46}"
EndProject
Project("{9A19103F-16F7-4668-BE54-9A1E7A4F7556}") = "ClassIsland.DocsGenerator", "ClassIsland.DocsGenerator\ClassIsland.DocsGenerator.csproj", "{57BCC3A6-3015-4F1C-B258-9BB7ABA60FB0}"
EndProject
Project("{9A19103F-16F7-4668-BE54-9A1E7A4F7556}") = "ClassIsland.Shared.IPC", "ClassIsland.Shared.IPC\ClassIsland.Shared.IPC.csproj", "{99BF6F83-504E-4FE7-99DA-7E0C45D6B64D}"
EndProject
Project("{9A19103F-16F7-4668-BE54-9A1E7A4F7556}") = "ClassIsland.PluginSdk", "ClassIsland.PluginSdk\ClassIsland.PluginSdk.csproj", "{3ADDAAA5-F261-4B8D-9A2A-CE7E27DEBA5A}"
EndProject
Project("{9A19103F-16F7-4668-BE54-9A1E7A4F7556}") = "ClassIsland.ExamplePlugin", "ClassIsland.ExamplePlugin\ClassIsland.ExamplePlugin.csproj", "{4B7FC11A-616F-4E6A-8966-9E7E23665A5A}"
EndProject
Project("{2150E333-8FDC-42A3-9474-1A3956D46DE8}") = "tools", "tools", "{D97171AD-1C66-4A93-9D48-7BEC798ADAA6}"
	ProjectSection(SolutionItems) = preProject
		tools\appcenter-upload.ps1 = tools\appcenter-upload.ps1
		tools\build-appveyor.ps1 = tools\build-appveyor.ps1
		tools\generate-md5.ps1 = tools\generate-md5.ps1
		tools\pre-appcenter-upload.ps1 = tools\pre-appcenter-upload.ps1
		tools\pre-publish.ps1 = tools\pre-publish.ps1
		tools\publish-nupkg.ps1 = tools\publish-nupkg.ps1
		tools\publish.ps1 = tools\publish.ps1
	EndProjectSection
EndProject
Project("{2150E333-8FDC-42A3-9474-1A3956D46DE8}") = "SolutionFiles", "SolutionFiles", "{C60E65AA-B5D2-49BD-B3B9-E3F69F33B77D}"
	ProjectSection(SolutionItems) = preProject
		AssemblyInfo.cs = AssemblyInfo.cs
		GeneratePackage.props = GeneratePackage.props
		Global.props = Global.props
	EndProjectSection
EndProject
Project("{2150E333-8FDC-42A3-9474-1A3956D46DE8}") = "workflows", "workflows", "{E8120023-59D8-4112-90E7-D10A3A799A4C}"
	ProjectSection(SolutionItems) = preProject
		.github\workflows\build_release.yml = .github\workflows\build_release.yml
	EndProjectSection
EndProject
Project("{2150E333-8FDC-42A3-9474-1A3956D46DE8}") = "Demos", "Demos", "{006EDE57-B272-4893-AABA-4F91D431BC0B}"
EndProject
Project("{9A19103F-16F7-4668-BE54-9A1E7A4F7556}") = "ClassIsland.IpcDemo", "Demos\ClassIsland.IpcDemo\ClassIsland.IpcDemo.csproj", "{B6721576-FBFF-4D60-B3CD-0ED70DBA78FC}"
EndProject
Project("{9A19103F-16F7-4668-BE54-9A1E7A4F7556}") = "Edge_tts_sharp", "vendors\EdgeTtsSharp\Edge_tts_sharp\Edge_tts_sharp.csproj", "{D490316C-8D92-41EF-AAF4-26E902E7FF4F}"
EndProject
Project("{C7167F0D-BC9F-4E6E-AFE1-012C56B48DB5}") = "ClassIsland.Packaging", "ClassIsland.Packaging\ClassIsland.Packaging.wapproj", "{FF58930A-3722-4E7C-AD43-DDE198691F86}"
EndProject
Project("{FAE04EC0-301F-11D3-BF4B-00C04F79EFBC}") = "System.Device.Location", "vendors\System.Device.Location\System.Device.Location.csproj", "{8E0D48FA-FDF5-493C-AC89-9DE25E0D2EB3}"
EndProject
Project("{FAE04EC0-301F-11D3-BF4B-00C04F79EFBC}") = "ClassIsland.Launcher", "ClassIsland.Launcher\ClassIsland.Launcher.csproj", "{32B1CD4E-7002-4ED2-82EB-CF7F3EDD3F95}"
EndProject
Project("{2150E333-8FDC-42A3-9474-1A3956D46DE8}") = "vendors", "vendors", "{15EF562C-48D0-4B0A-9C00-6243232D4BA9}"
EndProject
Project("{2150E333-8FDC-42A3-9474-1A3956D46DE8}") = "platforms", "platforms", "{BE4D37E6-B497-4FA7-8E4B-F884C90FD625}"
	ProjectSection(SolutionItems) = preProject
		platforms\ClassIsland.Platforms.Linux\ClassIsland.Platforms.Linux.csproj = platforms\ClassIsland.Platforms.Linux\ClassIsland.Platforms.Linux.csproj
	EndProjectSection
EndProject
Project("{FAE04EC0-301F-11D3-BF4B-00C04F79EFBC}") = "ClassIsland.Platforms.Abstractions", "ClassIsland.Platforms.Abstractions\ClassIsland.Platforms.Abstractions.csproj", "{6AD4F893-8944-4F67-ADD5-029A4C102975}"
EndProject
Project("{FAE04EC0-301F-11D3-BF4B-00C04F79EFBC}") = "ClassIsland.Platforms.Windows", "platforms\ClassIsland.Platforms.Windows\ClassIsland.Platforms.Windows.csproj", "{7E11FD63-B60B-423E-BF80-101582960C19}"
EndProject
Project("{FAE04EC0-301F-11D3-BF4B-00C04F79EFBC}") = "ClassIsland.Desktop", "ClassIsland.Desktop\ClassIsland.Desktop.csproj", "{E8B261DA-6F45-4D95-952B-6EE406918D0A}"
EndProject
Project("{FAE04EC0-301F-11D3-BF4B-00C04F79EFBC}") = "ClassIsland.Platforms.Linux", "platforms\ClassIsland.Platforms.Linux\ClassIsland.Platforms.Linux.csproj", "{2231B4F9-5B56-4E3E-BD36-068B970444EE}"
EndProject
Project("{9A19103F-16F7-4668-BE54-9A1E7A4F7556}") = "_build", "build\_build.csproj", "{3C1C4AD3-E162-4B82-B29A-D71D50C3702A}"
EndProject
Project("{FAE04EC0-301F-11D3-BF4B-00C04F79EFBC}") = "ClassIsland.Platforms.MacOs", "platforms\ClassIsland.Platforms.MacOs\ClassIsland.Platforms.MacOs.csproj", "{565497CA-9E33-41C1-BAE8-8B3A7C0BF6BE}"
EndProject
Project("{FAE04EC0-301F-11D3-BF4B-00C04F79EFBC}") = "ClassIsland.WinRTReferences", "vendors\ClassIsland.WinRTReferences\ClassIsland.WinRTReferences.csproj", "{98A4ECDB-CE9F-474B-A435-530C1D0812DC}"
EndProject
Global
	GlobalSection(SolutionConfigurationPlatforms) = preSolution
		Debug_MSIX|Any CPU = Debug_MSIX|Any CPU
		Debug_MSIX|ARM = Debug_MSIX|ARM
		Debug_MSIX|ARM64 = Debug_MSIX|ARM64
		Debug_MSIX|x64 = Debug_MSIX|x64
		Debug_MSIX|x86 = Debug_MSIX|x86
		Debug|Any CPU = Debug|Any CPU
		Debug|ARM = Debug|ARM
		Debug|ARM64 = Debug|ARM64
		Debug|x64 = Debug|x64
		Debug|x86 = Debug|x86
		Release_MSIX|Any CPU = Release_MSIX|Any CPU
		Release_MSIX|ARM = Release_MSIX|ARM
		Release_MSIX|ARM64 = Release_MSIX|ARM64
		Release_MSIX|x64 = Release_MSIX|x64
		Release_MSIX|x86 = Release_MSIX|x86
		Release|Any CPU = Release|Any CPU
		Release|ARM = Release|ARM
		Release|ARM64 = Release|ARM64
		Release|x64 = Release|x64
		Release|x86 = Release|x86
	EndGlobalSection
	GlobalSection(ProjectConfigurationPlatforms) = postSolution
		{3C1C4AD3-E162-4B82-B29A-D71D50C3702A}.Debug|Any CPU.ActiveCfg = Debug|Any CPU
		{3C1C4AD3-E162-4B82-B29A-D71D50C3702A}.Release|Any CPU.ActiveCfg = Release|Any CPU
		{F78DB747-AB6C-4B83-9139-37DFC58C0146}.Debug_MSIX|Any CPU.ActiveCfg = Debug_MSIX|Any CPU
		{F78DB747-AB6C-4B83-9139-37DFC58C0146}.Debug_MSIX|Any CPU.Build.0 = Debug_MSIX|Any CPU
		{F78DB747-AB6C-4B83-9139-37DFC58C0146}.Debug_MSIX|ARM.ActiveCfg = Debug_MSIX|Any CPU
		{F78DB747-AB6C-4B83-9139-37DFC58C0146}.Debug_MSIX|ARM.Build.0 = Debug_MSIX|Any CPU
		{F78DB747-AB6C-4B83-9139-37DFC58C0146}.Debug_MSIX|ARM64.ActiveCfg = Debug_MSIX|Any CPU
		{F78DB747-AB6C-4B83-9139-37DFC58C0146}.Debug_MSIX|ARM64.Build.0 = Debug_MSIX|Any CPU
		{F78DB747-AB6C-4B83-9139-37DFC58C0146}.Debug_MSIX|x64.ActiveCfg = Debug_MSIX|Any CPU
		{F78DB747-AB6C-4B83-9139-37DFC58C0146}.Debug_MSIX|x64.Build.0 = Debug_MSIX|Any CPU
		{F78DB747-AB6C-4B83-9139-37DFC58C0146}.Debug_MSIX|x86.ActiveCfg = Debug_MSIX|Any CPU
		{F78DB747-AB6C-4B83-9139-37DFC58C0146}.Debug_MSIX|x86.Build.0 = Debug_MSIX|Any CPU
		{F78DB747-AB6C-4B83-9139-37DFC58C0146}.Debug|Any CPU.ActiveCfg = Debug|Any CPU
		{F78DB747-AB6C-4B83-9139-37DFC58C0146}.Debug|Any CPU.Build.0 = Debug|Any CPU
		{F78DB747-AB6C-4B83-9139-37DFC58C0146}.Debug|ARM.ActiveCfg = Debug|Any CPU
		{F78DB747-AB6C-4B83-9139-37DFC58C0146}.Debug|ARM.Build.0 = Debug|Any CPU
		{F78DB747-AB6C-4B83-9139-37DFC58C0146}.Debug|ARM64.ActiveCfg = Debug|Any CPU
		{F78DB747-AB6C-4B83-9139-37DFC58C0146}.Debug|ARM64.Build.0 = Debug|Any CPU
		{F78DB747-AB6C-4B83-9139-37DFC58C0146}.Debug|x64.ActiveCfg = Debug|Any CPU
		{F78DB747-AB6C-4B83-9139-37DFC58C0146}.Debug|x64.Build.0 = Debug|Any CPU
		{F78DB747-AB6C-4B83-9139-37DFC58C0146}.Debug|x86.ActiveCfg = Debug|Any CPU
		{F78DB747-AB6C-4B83-9139-37DFC58C0146}.Debug|x86.Build.0 = Debug|Any CPU
		{F78DB747-AB6C-4B83-9139-37DFC58C0146}.Release_MSIX|Any CPU.ActiveCfg = Release_MSIX|Any CPU
		{F78DB747-AB6C-4B83-9139-37DFC58C0146}.Release_MSIX|Any CPU.Build.0 = Release_MSIX|Any CPU
		{F78DB747-AB6C-4B83-9139-37DFC58C0146}.Release_MSIX|ARM.ActiveCfg = Release_MSIX|Any CPU
		{F78DB747-AB6C-4B83-9139-37DFC58C0146}.Release_MSIX|ARM.Build.0 = Release_MSIX|Any CPU
		{F78DB747-AB6C-4B83-9139-37DFC58C0146}.Release_MSIX|ARM64.ActiveCfg = Release_MSIX|Any CPU
		{F78DB747-AB6C-4B83-9139-37DFC58C0146}.Release_MSIX|ARM64.Build.0 = Release_MSIX|Any CPU
		{F78DB747-AB6C-4B83-9139-37DFC58C0146}.Release_MSIX|x64.ActiveCfg = Release_MSIX|Any CPU
		{F78DB747-AB6C-4B83-9139-37DFC58C0146}.Release_MSIX|x64.Build.0 = Release_MSIX|Any CPU
		{F78DB747-AB6C-4B83-9139-37DFC58C0146}.Release_MSIX|x86.ActiveCfg = Release_MSIX|Any CPU
		{F78DB747-AB6C-4B83-9139-37DFC58C0146}.Release_MSIX|x86.Build.0 = Release_MSIX|Any CPU
		{F78DB747-AB6C-4B83-9139-37DFC58C0146}.Release|Any CPU.ActiveCfg = Release|Any CPU
		{F78DB747-AB6C-4B83-9139-37DFC58C0146}.Release|Any CPU.Build.0 = Release|Any CPU
		{F78DB747-AB6C-4B83-9139-37DFC58C0146}.Release|ARM.ActiveCfg = Release|Any CPU
		{F78DB747-AB6C-4B83-9139-37DFC58C0146}.Release|ARM.Build.0 = Release|Any CPU
		{F78DB747-AB6C-4B83-9139-37DFC58C0146}.Release|ARM64.ActiveCfg = Release|Any CPU
		{F78DB747-AB6C-4B83-9139-37DFC58C0146}.Release|ARM64.Build.0 = Release|Any CPU
		{F78DB747-AB6C-4B83-9139-37DFC58C0146}.Release|x64.ActiveCfg = Release|Any CPU
		{F78DB747-AB6C-4B83-9139-37DFC58C0146}.Release|x64.Build.0 = Release|Any CPU
		{F78DB747-AB6C-4B83-9139-37DFC58C0146}.Release|x86.ActiveCfg = Release|Any CPU
		{F78DB747-AB6C-4B83-9139-37DFC58C0146}.Release|x86.Build.0 = Release|Any CPU
		{1A19A8AD-A401-445A-8C63-77EC5B7C103F}.Debug_MSIX|Any CPU.ActiveCfg = Debug_MSIX|Any CPU
		{1A19A8AD-A401-445A-8C63-77EC5B7C103F}.Debug_MSIX|Any CPU.Build.0 = Debug_MSIX|Any CPU
		{1A19A8AD-A401-445A-8C63-77EC5B7C103F}.Debug_MSIX|ARM.ActiveCfg = Debug_MSIX|Any CPU
		{1A19A8AD-A401-445A-8C63-77EC5B7C103F}.Debug_MSIX|ARM.Build.0 = Debug_MSIX|Any CPU
		{1A19A8AD-A401-445A-8C63-77EC5B7C103F}.Debug_MSIX|ARM64.ActiveCfg = Debug_MSIX|Any CPU
		{1A19A8AD-A401-445A-8C63-77EC5B7C103F}.Debug_MSIX|ARM64.Build.0 = Debug_MSIX|Any CPU
		{1A19A8AD-A401-445A-8C63-77EC5B7C103F}.Debug_MSIX|x64.ActiveCfg = Debug_MSIX|Any CPU
		{1A19A8AD-A401-445A-8C63-77EC5B7C103F}.Debug_MSIX|x64.Build.0 = Debug_MSIX|Any CPU
		{1A19A8AD-A401-445A-8C63-77EC5B7C103F}.Debug_MSIX|x86.ActiveCfg = Debug_MSIX|Any CPU
		{1A19A8AD-A401-445A-8C63-77EC5B7C103F}.Debug_MSIX|x86.Build.0 = Debug_MSIX|Any CPU
		{1A19A8AD-A401-445A-8C63-77EC5B7C103F}.Debug|Any CPU.ActiveCfg = Debug|Any CPU
		{1A19A8AD-A401-445A-8C63-77EC5B7C103F}.Debug|Any CPU.Build.0 = Debug|Any CPU
		{1A19A8AD-A401-445A-8C63-77EC5B7C103F}.Debug|ARM.ActiveCfg = Debug|Any CPU
		{1A19A8AD-A401-445A-8C63-77EC5B7C103F}.Debug|ARM.Build.0 = Debug|Any CPU
		{1A19A8AD-A401-445A-8C63-77EC5B7C103F}.Debug|ARM64.ActiveCfg = Debug|Any CPU
		{1A19A8AD-A401-445A-8C63-77EC5B7C103F}.Debug|ARM64.Build.0 = Debug|Any CPU
		{1A19A8AD-A401-445A-8C63-77EC5B7C103F}.Debug|x64.ActiveCfg = Debug|Any CPU
		{1A19A8AD-A401-445A-8C63-77EC5B7C103F}.Debug|x64.Build.0 = Debug|Any CPU
		{1A19A8AD-A401-445A-8C63-77EC5B7C103F}.Debug|x86.ActiveCfg = Debug|Any CPU
		{1A19A8AD-A401-445A-8C63-77EC5B7C103F}.Debug|x86.Build.0 = Debug|Any CPU
		{1A19A8AD-A401-445A-8C63-77EC5B7C103F}.Release_MSIX|Any CPU.ActiveCfg = Release_MSIX|Any CPU
		{1A19A8AD-A401-445A-8C63-77EC5B7C103F}.Release_MSIX|Any CPU.Build.0 = Release_MSIX|Any CPU
		{1A19A8AD-A401-445A-8C63-77EC5B7C103F}.Release_MSIX|ARM.ActiveCfg = Release_MSIX|Any CPU
		{1A19A8AD-A401-445A-8C63-77EC5B7C103F}.Release_MSIX|ARM.Build.0 = Release_MSIX|Any CPU
		{1A19A8AD-A401-445A-8C63-77EC5B7C103F}.Release_MSIX|ARM64.ActiveCfg = Release_MSIX|Any CPU
		{1A19A8AD-A401-445A-8C63-77EC5B7C103F}.Release_MSIX|ARM64.Build.0 = Release_MSIX|Any CPU
		{1A19A8AD-A401-445A-8C63-77EC5B7C103F}.Release_MSIX|x64.ActiveCfg = Release_MSIX|Any CPU
		{1A19A8AD-A401-445A-8C63-77EC5B7C103F}.Release_MSIX|x64.Build.0 = Release_MSIX|Any CPU
		{1A19A8AD-A401-445A-8C63-77EC5B7C103F}.Release_MSIX|x86.ActiveCfg = Release_MSIX|Any CPU
		{1A19A8AD-A401-445A-8C63-77EC5B7C103F}.Release_MSIX|x86.Build.0 = Release_MSIX|Any CPU
		{1A19A8AD-A401-445A-8C63-77EC5B7C103F}.Release|Any CPU.ActiveCfg = Release|Any CPU
		{1A19A8AD-A401-445A-8C63-77EC5B7C103F}.Release|Any CPU.Build.0 = Release|Any CPU
		{1A19A8AD-A401-445A-8C63-77EC5B7C103F}.Release|ARM.ActiveCfg = Release|Any CPU
		{1A19A8AD-A401-445A-8C63-77EC5B7C103F}.Release|ARM.Build.0 = Release|Any CPU
		{1A19A8AD-A401-445A-8C63-77EC5B7C103F}.Release|ARM64.ActiveCfg = Release|Any CPU
		{1A19A8AD-A401-445A-8C63-77EC5B7C103F}.Release|ARM64.Build.0 = Release|Any CPU
		{1A19A8AD-A401-445A-8C63-77EC5B7C103F}.Release|x64.ActiveCfg = Release|Any CPU
		{1A19A8AD-A401-445A-8C63-77EC5B7C103F}.Release|x64.Build.0 = Release|Any CPU
		{1A19A8AD-A401-445A-8C63-77EC5B7C103F}.Release|x86.ActiveCfg = Release|Any CPU
		{1A19A8AD-A401-445A-8C63-77EC5B7C103F}.Release|x86.Build.0 = Release|Any CPU
		{DF9F0F39-65EE-411C-A982-FC5973AD7F46}.Debug_MSIX|Any CPU.ActiveCfg = Debug_MSIX|Any CPU
		{DF9F0F39-65EE-411C-A982-FC5973AD7F46}.Debug_MSIX|Any CPU.Build.0 = Debug_MSIX|Any CPU
		{DF9F0F39-65EE-411C-A982-FC5973AD7F46}.Debug_MSIX|ARM.ActiveCfg = Debug_MSIX|Any CPU
		{DF9F0F39-65EE-411C-A982-FC5973AD7F46}.Debug_MSIX|ARM.Build.0 = Debug_MSIX|Any CPU
		{DF9F0F39-65EE-411C-A982-FC5973AD7F46}.Debug_MSIX|ARM64.ActiveCfg = Debug_MSIX|Any CPU
		{DF9F0F39-65EE-411C-A982-FC5973AD7F46}.Debug_MSIX|ARM64.Build.0 = Debug_MSIX|Any CPU
		{DF9F0F39-65EE-411C-A982-FC5973AD7F46}.Debug_MSIX|x64.ActiveCfg = Debug_MSIX|Any CPU
		{DF9F0F39-65EE-411C-A982-FC5973AD7F46}.Debug_MSIX|x64.Build.0 = Debug_MSIX|Any CPU
		{DF9F0F39-65EE-411C-A982-FC5973AD7F46}.Debug_MSIX|x86.ActiveCfg = Debug_MSIX|Any CPU
		{DF9F0F39-65EE-411C-A982-FC5973AD7F46}.Debug_MSIX|x86.Build.0 = Debug_MSIX|Any CPU
		{DF9F0F39-65EE-411C-A982-FC5973AD7F46}.Debug|Any CPU.ActiveCfg = Debug|Any CPU
		{DF9F0F39-65EE-411C-A982-FC5973AD7F46}.Debug|Any CPU.Build.0 = Debug|Any CPU
		{DF9F0F39-65EE-411C-A982-FC5973AD7F46}.Debug|ARM.ActiveCfg = Debug|Any CPU
		{DF9F0F39-65EE-411C-A982-FC5973AD7F46}.Debug|ARM.Build.0 = Debug|Any CPU
		{DF9F0F39-65EE-411C-A982-FC5973AD7F46}.Debug|ARM64.ActiveCfg = Debug|Any CPU
		{DF9F0F39-65EE-411C-A982-FC5973AD7F46}.Debug|ARM64.Build.0 = Debug|Any CPU
		{DF9F0F39-65EE-411C-A982-FC5973AD7F46}.Debug|x64.ActiveCfg = Debug|Any CPU
		{DF9F0F39-65EE-411C-A982-FC5973AD7F46}.Debug|x64.Build.0 = Debug|Any CPU
		{DF9F0F39-65EE-411C-A982-FC5973AD7F46}.Debug|x86.ActiveCfg = Debug|Any CPU
		{DF9F0F39-65EE-411C-A982-FC5973AD7F46}.Debug|x86.Build.0 = Debug|Any CPU
		{DF9F0F39-65EE-411C-A982-FC5973AD7F46}.Release_MSIX|Any CPU.ActiveCfg = Release_MSIX|Any CPU
		{DF9F0F39-65EE-411C-A982-FC5973AD7F46}.Release_MSIX|Any CPU.Build.0 = Release_MSIX|Any CPU
		{DF9F0F39-65EE-411C-A982-FC5973AD7F46}.Release_MSIX|ARM.ActiveCfg = Release_MSIX|Any CPU
		{DF9F0F39-65EE-411C-A982-FC5973AD7F46}.Release_MSIX|ARM.Build.0 = Release_MSIX|Any CPU
		{DF9F0F39-65EE-411C-A982-FC5973AD7F46}.Release_MSIX|ARM64.ActiveCfg = Release_MSIX|Any CPU
		{DF9F0F39-65EE-411C-A982-FC5973AD7F46}.Release_MSIX|ARM64.Build.0 = Release_MSIX|Any CPU
		{DF9F0F39-65EE-411C-A982-FC5973AD7F46}.Release_MSIX|x64.ActiveCfg = Release_MSIX|Any CPU
		{DF9F0F39-65EE-411C-A982-FC5973AD7F46}.Release_MSIX|x64.Build.0 = Release_MSIX|Any CPU
		{DF9F0F39-65EE-411C-A982-FC5973AD7F46}.Release_MSIX|x86.ActiveCfg = Release_MSIX|Any CPU
		{DF9F0F39-65EE-411C-A982-FC5973AD7F46}.Release_MSIX|x86.Build.0 = Release_MSIX|Any CPU
		{DF9F0F39-65EE-411C-A982-FC5973AD7F46}.Release|Any CPU.ActiveCfg = Release|Any CPU
		{DF9F0F39-65EE-411C-A982-FC5973AD7F46}.Release|Any CPU.Build.0 = Release|Any CPU
		{DF9F0F39-65EE-411C-A982-FC5973AD7F46}.Release|ARM.ActiveCfg = Release|Any CPU
		{DF9F0F39-65EE-411C-A982-FC5973AD7F46}.Release|ARM.Build.0 = Release|Any CPU
		{DF9F0F39-65EE-411C-A982-FC5973AD7F46}.Release|ARM64.ActiveCfg = Release|Any CPU
		{DF9F0F39-65EE-411C-A982-FC5973AD7F46}.Release|ARM64.Build.0 = Release|Any CPU
		{DF9F0F39-65EE-411C-A982-FC5973AD7F46}.Release|x64.ActiveCfg = Release|Any CPU
		{DF9F0F39-65EE-411C-A982-FC5973AD7F46}.Release|x64.Build.0 = Release|Any CPU
		{DF9F0F39-65EE-411C-A982-FC5973AD7F46}.Release|x86.ActiveCfg = Release|Any CPU
		{DF9F0F39-65EE-411C-A982-FC5973AD7F46}.Release|x86.Build.0 = Release|Any CPU
		{57BCC3A6-3015-4F1C-B258-9BB7ABA60FB0}.Debug_MSIX|Any CPU.ActiveCfg = Debug_MSIX|Any CPU
		{57BCC3A6-3015-4F1C-B258-9BB7ABA60FB0}.Debug_MSIX|Any CPU.Build.0 = Debug_MSIX|Any CPU
		{57BCC3A6-3015-4F1C-B258-9BB7ABA60FB0}.Debug_MSIX|ARM.ActiveCfg = Debug_MSIX|Any CPU
		{57BCC3A6-3015-4F1C-B258-9BB7ABA60FB0}.Debug_MSIX|ARM.Build.0 = Debug_MSIX|Any CPU
		{57BCC3A6-3015-4F1C-B258-9BB7ABA60FB0}.Debug_MSIX|ARM64.ActiveCfg = Debug_MSIX|Any CPU
		{57BCC3A6-3015-4F1C-B258-9BB7ABA60FB0}.Debug_MSIX|ARM64.Build.0 = Debug_MSIX|Any CPU
		{57BCC3A6-3015-4F1C-B258-9BB7ABA60FB0}.Debug_MSIX|x64.ActiveCfg = Debug_MSIX|Any CPU
		{57BCC3A6-3015-4F1C-B258-9BB7ABA60FB0}.Debug_MSIX|x86.ActiveCfg = Debug_MSIX|Any CPU
		{57BCC3A6-3015-4F1C-B258-9BB7ABA60FB0}.Debug_MSIX|x86.Build.0 = Debug_MSIX|Any CPU
		{57BCC3A6-3015-4F1C-B258-9BB7ABA60FB0}.Debug|Any CPU.ActiveCfg = Debug|Any CPU
		{57BCC3A6-3015-4F1C-B258-9BB7ABA60FB0}.Debug|Any CPU.Build.0 = Debug|Any CPU
		{57BCC3A6-3015-4F1C-B258-9BB7ABA60FB0}.Debug|ARM.ActiveCfg = Debug|Any CPU
		{57BCC3A6-3015-4F1C-B258-9BB7ABA60FB0}.Debug|ARM.Build.0 = Debug|Any CPU
		{57BCC3A6-3015-4F1C-B258-9BB7ABA60FB0}.Debug|ARM64.ActiveCfg = Debug|Any CPU
		{57BCC3A6-3015-4F1C-B258-9BB7ABA60FB0}.Debug|ARM64.Build.0 = Debug|Any CPU
		{57BCC3A6-3015-4F1C-B258-9BB7ABA60FB0}.Debug|x64.ActiveCfg = Debug|Any CPU
		{57BCC3A6-3015-4F1C-B258-9BB7ABA60FB0}.Debug|x64.Build.0 = Debug|Any CPU
		{57BCC3A6-3015-4F1C-B258-9BB7ABA60FB0}.Debug|x86.ActiveCfg = Debug|Any CPU
		{57BCC3A6-3015-4F1C-B258-9BB7ABA60FB0}.Debug|x86.Build.0 = Debug|Any CPU
		{57BCC3A6-3015-4F1C-B258-9BB7ABA60FB0}.Release_MSIX|Any CPU.ActiveCfg = Release_MSIX|Any CPU
		{57BCC3A6-3015-4F1C-B258-9BB7ABA60FB0}.Release_MSIX|ARM.ActiveCfg = Release_MSIX|Any CPU
		{57BCC3A6-3015-4F1C-B258-9BB7ABA60FB0}.Release_MSIX|ARM.Build.0 = Release_MSIX|Any CPU
		{57BCC3A6-3015-4F1C-B258-9BB7ABA60FB0}.Release_MSIX|ARM64.ActiveCfg = Release_MSIX|Any CPU
		{57BCC3A6-3015-4F1C-B258-9BB7ABA60FB0}.Release_MSIX|ARM64.Build.0 = Release_MSIX|Any CPU
		{57BCC3A6-3015-4F1C-B258-9BB7ABA60FB0}.Release_MSIX|x64.ActiveCfg = Release_MSIX|Any CPU
		{57BCC3A6-3015-4F1C-B258-9BB7ABA60FB0}.Release_MSIX|x64.Build.0 = Release_MSIX|Any CPU
		{57BCC3A6-3015-4F1C-B258-9BB7ABA60FB0}.Release_MSIX|x86.ActiveCfg = Release_MSIX|Any CPU
		{57BCC3A6-3015-4F1C-B258-9BB7ABA60FB0}.Release_MSIX|x86.Build.0 = Release_MSIX|Any CPU
		{57BCC3A6-3015-4F1C-B258-9BB7ABA60FB0}.Release|Any CPU.ActiveCfg = Release|Any CPU
		{57BCC3A6-3015-4F1C-B258-9BB7ABA60FB0}.Release|Any CPU.Build.0 = Release|Any CPU
		{57BCC3A6-3015-4F1C-B258-9BB7ABA60FB0}.Release|ARM.ActiveCfg = Release|Any CPU
		{57BCC3A6-3015-4F1C-B258-9BB7ABA60FB0}.Release|ARM.Build.0 = Release|Any CPU
		{57BCC3A6-3015-4F1C-B258-9BB7ABA60FB0}.Release|ARM64.ActiveCfg = Release|Any CPU
		{57BCC3A6-3015-4F1C-B258-9BB7ABA60FB0}.Release|ARM64.Build.0 = Release|Any CPU
		{57BCC3A6-3015-4F1C-B258-9BB7ABA60FB0}.Release|x64.ActiveCfg = Release|Any CPU
		{57BCC3A6-3015-4F1C-B258-9BB7ABA60FB0}.Release|x64.Build.0 = Release|Any CPU
		{57BCC3A6-3015-4F1C-B258-9BB7ABA60FB0}.Release|x86.ActiveCfg = Release|Any CPU
		{57BCC3A6-3015-4F1C-B258-9BB7ABA60FB0}.Release|x86.Build.0 = Release|Any CPU
		{99BF6F83-504E-4FE7-99DA-7E0C45D6B64D}.Debug_MSIX|Any CPU.ActiveCfg = Debug_MSIX|Any CPU
		{99BF6F83-504E-4FE7-99DA-7E0C45D6B64D}.Debug_MSIX|Any CPU.Build.0 = Debug_MSIX|Any CPU
		{99BF6F83-504E-4FE7-99DA-7E0C45D6B64D}.Debug_MSIX|ARM.ActiveCfg = Debug_MSIX|Any CPU
		{99BF6F83-504E-4FE7-99DA-7E0C45D6B64D}.Debug_MSIX|ARM.Build.0 = Debug_MSIX|Any CPU
		{99BF6F83-504E-4FE7-99DA-7E0C45D6B64D}.Debug_MSIX|ARM64.ActiveCfg = Debug_MSIX|Any CPU
		{99BF6F83-504E-4FE7-99DA-7E0C45D6B64D}.Debug_MSIX|ARM64.Build.0 = Debug_MSIX|Any CPU
		{99BF6F83-504E-4FE7-99DA-7E0C45D6B64D}.Debug_MSIX|x64.ActiveCfg = Debug_MSIX|Any CPU
		{99BF6F83-504E-4FE7-99DA-7E0C45D6B64D}.Debug_MSIX|x64.Build.0 = Debug_MSIX|Any CPU
		{99BF6F83-504E-4FE7-99DA-7E0C45D6B64D}.Debug_MSIX|x86.ActiveCfg = Debug_MSIX|Any CPU
		{99BF6F83-504E-4FE7-99DA-7E0C45D6B64D}.Debug_MSIX|x86.Build.0 = Debug_MSIX|Any CPU
		{99BF6F83-504E-4FE7-99DA-7E0C45D6B64D}.Debug|Any CPU.ActiveCfg = Debug|Any CPU
		{99BF6F83-504E-4FE7-99DA-7E0C45D6B64D}.Debug|Any CPU.Build.0 = Debug|Any CPU
		{99BF6F83-504E-4FE7-99DA-7E0C45D6B64D}.Debug|ARM.ActiveCfg = Debug|Any CPU
		{99BF6F83-504E-4FE7-99DA-7E0C45D6B64D}.Debug|ARM.Build.0 = Debug|Any CPU
		{99BF6F83-504E-4FE7-99DA-7E0C45D6B64D}.Debug|ARM64.ActiveCfg = Debug|Any CPU
		{99BF6F83-504E-4FE7-99DA-7E0C45D6B64D}.Debug|ARM64.Build.0 = Debug|Any CPU
		{99BF6F83-504E-4FE7-99DA-7E0C45D6B64D}.Debug|x64.ActiveCfg = Debug|Any CPU
		{99BF6F83-504E-4FE7-99DA-7E0C45D6B64D}.Debug|x64.Build.0 = Debug|Any CPU
		{99BF6F83-504E-4FE7-99DA-7E0C45D6B64D}.Debug|x86.ActiveCfg = Debug|Any CPU
		{99BF6F83-504E-4FE7-99DA-7E0C45D6B64D}.Debug|x86.Build.0 = Debug|Any CPU
		{99BF6F83-504E-4FE7-99DA-7E0C45D6B64D}.Release_MSIX|Any CPU.ActiveCfg = Release_MSIX|Any CPU
		{99BF6F83-504E-4FE7-99DA-7E0C45D6B64D}.Release_MSIX|Any CPU.Build.0 = Release_MSIX|Any CPU
		{99BF6F83-504E-4FE7-99DA-7E0C45D6B64D}.Release_MSIX|ARM.ActiveCfg = Release_MSIX|Any CPU
		{99BF6F83-504E-4FE7-99DA-7E0C45D6B64D}.Release_MSIX|ARM.Build.0 = Release_MSIX|Any CPU
		{99BF6F83-504E-4FE7-99DA-7E0C45D6B64D}.Release_MSIX|ARM64.ActiveCfg = Release_MSIX|Any CPU
		{99BF6F83-504E-4FE7-99DA-7E0C45D6B64D}.Release_MSIX|ARM64.Build.0 = Release_MSIX|Any CPU
		{99BF6F83-504E-4FE7-99DA-7E0C45D6B64D}.Release_MSIX|x64.ActiveCfg = Release_MSIX|Any CPU
		{99BF6F83-504E-4FE7-99DA-7E0C45D6B64D}.Release_MSIX|x64.Build.0 = Release_MSIX|Any CPU
		{99BF6F83-504E-4FE7-99DA-7E0C45D6B64D}.Release_MSIX|x86.ActiveCfg = Release_MSIX|Any CPU
		{99BF6F83-504E-4FE7-99DA-7E0C45D6B64D}.Release_MSIX|x86.Build.0 = Release_MSIX|Any CPU
		{99BF6F83-504E-4FE7-99DA-7E0C45D6B64D}.Release|Any CPU.ActiveCfg = Release|Any CPU
		{99BF6F83-504E-4FE7-99DA-7E0C45D6B64D}.Release|Any CPU.Build.0 = Release|Any CPU
		{99BF6F83-504E-4FE7-99DA-7E0C45D6B64D}.Release|ARM.ActiveCfg = Release|Any CPU
		{99BF6F83-504E-4FE7-99DA-7E0C45D6B64D}.Release|ARM.Build.0 = Release|Any CPU
		{99BF6F83-504E-4FE7-99DA-7E0C45D6B64D}.Release|ARM64.ActiveCfg = Release|Any CPU
		{99BF6F83-504E-4FE7-99DA-7E0C45D6B64D}.Release|ARM64.Build.0 = Release|Any CPU
		{99BF6F83-504E-4FE7-99DA-7E0C45D6B64D}.Release|x64.ActiveCfg = Release|Any CPU
		{99BF6F83-504E-4FE7-99DA-7E0C45D6B64D}.Release|x64.Build.0 = Release|Any CPU
		{99BF6F83-504E-4FE7-99DA-7E0C45D6B64D}.Release|x86.ActiveCfg = Release|Any CPU
		{99BF6F83-504E-4FE7-99DA-7E0C45D6B64D}.Release|x86.Build.0 = Release|Any CPU
		{3ADDAAA5-F261-4B8D-9A2A-CE7E27DEBA5A}.Debug_MSIX|Any CPU.ActiveCfg = Debug_MSIX|Any CPU
		{3ADDAAA5-F261-4B8D-9A2A-CE7E27DEBA5A}.Debug_MSIX|Any CPU.Build.0 = Debug_MSIX|Any CPU
		{3ADDAAA5-F261-4B8D-9A2A-CE7E27DEBA5A}.Debug_MSIX|ARM.ActiveCfg = Debug_MSIX|Any CPU
		{3ADDAAA5-F261-4B8D-9A2A-CE7E27DEBA5A}.Debug_MSIX|ARM.Build.0 = Debug_MSIX|Any CPU
		{3ADDAAA5-F261-4B8D-9A2A-CE7E27DEBA5A}.Debug_MSIX|ARM64.ActiveCfg = Debug_MSIX|Any CPU
		{3ADDAAA5-F261-4B8D-9A2A-CE7E27DEBA5A}.Debug_MSIX|ARM64.Build.0 = Debug_MSIX|Any CPU
		{3ADDAAA5-F261-4B8D-9A2A-CE7E27DEBA5A}.Debug_MSIX|x64.ActiveCfg = Debug_MSIX|Any CPU
		{3ADDAAA5-F261-4B8D-9A2A-CE7E27DEBA5A}.Debug_MSIX|x64.Build.0 = Debug_MSIX|Any CPU
		{3ADDAAA5-F261-4B8D-9A2A-CE7E27DEBA5A}.Debug_MSIX|x86.ActiveCfg = Debug_MSIX|Any CPU
		{3ADDAAA5-F261-4B8D-9A2A-CE7E27DEBA5A}.Debug_MSIX|x86.Build.0 = Debug_MSIX|Any CPU
		{3ADDAAA5-F261-4B8D-9A2A-CE7E27DEBA5A}.Debug|Any CPU.ActiveCfg = Debug|Any CPU
		{3ADDAAA5-F261-4B8D-9A2A-CE7E27DEBA5A}.Debug|Any CPU.Build.0 = Debug|Any CPU
		{3ADDAAA5-F261-4B8D-9A2A-CE7E27DEBA5A}.Debug|ARM.ActiveCfg = Debug|Any CPU
		{3ADDAAA5-F261-4B8D-9A2A-CE7E27DEBA5A}.Debug|ARM.Build.0 = Debug|Any CPU
		{3ADDAAA5-F261-4B8D-9A2A-CE7E27DEBA5A}.Debug|ARM64.ActiveCfg = Debug|Any CPU
		{3ADDAAA5-F261-4B8D-9A2A-CE7E27DEBA5A}.Debug|ARM64.Build.0 = Debug|Any CPU
		{3ADDAAA5-F261-4B8D-9A2A-CE7E27DEBA5A}.Debug|x64.ActiveCfg = Debug|Any CPU
		{3ADDAAA5-F261-4B8D-9A2A-CE7E27DEBA5A}.Debug|x64.Build.0 = Debug|Any CPU
		{3ADDAAA5-F261-4B8D-9A2A-CE7E27DEBA5A}.Debug|x86.ActiveCfg = Debug|Any CPU
		{3ADDAAA5-F261-4B8D-9A2A-CE7E27DEBA5A}.Debug|x86.Build.0 = Debug|Any CPU
		{3ADDAAA5-F261-4B8D-9A2A-CE7E27DEBA5A}.Release_MSIX|Any CPU.ActiveCfg = Release_MSIX|Any CPU
		{3ADDAAA5-F261-4B8D-9A2A-CE7E27DEBA5A}.Release_MSIX|Any CPU.Build.0 = Release_MSIX|Any CPU
		{3ADDAAA5-F261-4B8D-9A2A-CE7E27DEBA5A}.Release_MSIX|ARM.ActiveCfg = Release_MSIX|Any CPU
		{3ADDAAA5-F261-4B8D-9A2A-CE7E27DEBA5A}.Release_MSIX|ARM.Build.0 = Release_MSIX|Any CPU
		{3ADDAAA5-F261-4B8D-9A2A-CE7E27DEBA5A}.Release_MSIX|ARM64.ActiveCfg = Release_MSIX|Any CPU
		{3ADDAAA5-F261-4B8D-9A2A-CE7E27DEBA5A}.Release_MSIX|ARM64.Build.0 = Release_MSIX|Any CPU
		{3ADDAAA5-F261-4B8D-9A2A-CE7E27DEBA5A}.Release_MSIX|x64.ActiveCfg = Release_MSIX|Any CPU
		{3ADDAAA5-F261-4B8D-9A2A-CE7E27DEBA5A}.Release_MSIX|x64.Build.0 = Release_MSIX|Any CPU
		{3ADDAAA5-F261-4B8D-9A2A-CE7E27DEBA5A}.Release_MSIX|x86.ActiveCfg = Release_MSIX|Any CPU
		{3ADDAAA5-F261-4B8D-9A2A-CE7E27DEBA5A}.Release_MSIX|x86.Build.0 = Release_MSIX|Any CPU
		{3ADDAAA5-F261-4B8D-9A2A-CE7E27DEBA5A}.Release|Any CPU.ActiveCfg = Release|Any CPU
		{3ADDAAA5-F261-4B8D-9A2A-CE7E27DEBA5A}.Release|Any CPU.Build.0 = Release|Any CPU
		{3ADDAAA5-F261-4B8D-9A2A-CE7E27DEBA5A}.Release|ARM.ActiveCfg = Release|Any CPU
		{3ADDAAA5-F261-4B8D-9A2A-CE7E27DEBA5A}.Release|ARM.Build.0 = Release|Any CPU
		{3ADDAAA5-F261-4B8D-9A2A-CE7E27DEBA5A}.Release|ARM64.ActiveCfg = Release|Any CPU
		{3ADDAAA5-F261-4B8D-9A2A-CE7E27DEBA5A}.Release|ARM64.Build.0 = Release|Any CPU
		{3ADDAAA5-F261-4B8D-9A2A-CE7E27DEBA5A}.Release|x64.ActiveCfg = Release|Any CPU
		{3ADDAAA5-F261-4B8D-9A2A-CE7E27DEBA5A}.Release|x64.Build.0 = Release|Any CPU
		{3ADDAAA5-F261-4B8D-9A2A-CE7E27DEBA5A}.Release|x86.ActiveCfg = Release|Any CPU
		{3ADDAAA5-F261-4B8D-9A2A-CE7E27DEBA5A}.Release|x86.Build.0 = Release|Any CPU
		{4B7FC11A-616F-4E6A-8966-9E7E23665A5A}.Debug_MSIX|Any CPU.ActiveCfg = Debug_MSIX|Any CPU
		{4B7FC11A-616F-4E6A-8966-9E7E23665A5A}.Debug_MSIX|Any CPU.Build.0 = Debug_MSIX|Any CPU
		{4B7FC11A-616F-4E6A-8966-9E7E23665A5A}.Debug_MSIX|ARM.ActiveCfg = Debug_MSIX|Any CPU
		{4B7FC11A-616F-4E6A-8966-9E7E23665A5A}.Debug_MSIX|ARM.Build.0 = Debug_MSIX|Any CPU
		{4B7FC11A-616F-4E6A-8966-9E7E23665A5A}.Debug_MSIX|ARM64.ActiveCfg = Debug_MSIX|Any CPU
		{4B7FC11A-616F-4E6A-8966-9E7E23665A5A}.Debug_MSIX|ARM64.Build.0 = Debug_MSIX|Any CPU
		{4B7FC11A-616F-4E6A-8966-9E7E23665A5A}.Debug_MSIX|x64.ActiveCfg = Debug_MSIX|Any CPU
		{4B7FC11A-616F-4E6A-8966-9E7E23665A5A}.Debug_MSIX|x86.ActiveCfg = Debug_MSIX|Any CPU
		{4B7FC11A-616F-4E6A-8966-9E7E23665A5A}.Debug_MSIX|x86.Build.0 = Debug_MSIX|Any CPU
		{4B7FC11A-616F-4E6A-8966-9E7E23665A5A}.Debug|Any CPU.ActiveCfg = Debug|Any CPU
		{4B7FC11A-616F-4E6A-8966-9E7E23665A5A}.Debug|Any CPU.Build.0 = Debug|Any CPU
		{4B7FC11A-616F-4E6A-8966-9E7E23665A5A}.Debug|ARM.ActiveCfg = Debug|Any CPU
		{4B7FC11A-616F-4E6A-8966-9E7E23665A5A}.Debug|ARM.Build.0 = Debug|Any CPU
		{4B7FC11A-616F-4E6A-8966-9E7E23665A5A}.Debug|ARM64.ActiveCfg = Debug|Any CPU
		{4B7FC11A-616F-4E6A-8966-9E7E23665A5A}.Debug|ARM64.Build.0 = Debug|Any CPU
		{4B7FC11A-616F-4E6A-8966-9E7E23665A5A}.Debug|x64.ActiveCfg = Debug|Any CPU
		{4B7FC11A-616F-4E6A-8966-9E7E23665A5A}.Debug|x64.Build.0 = Debug|Any CPU
		{4B7FC11A-616F-4E6A-8966-9E7E23665A5A}.Debug|x86.ActiveCfg = Debug|Any CPU
		{4B7FC11A-616F-4E6A-8966-9E7E23665A5A}.Debug|x86.Build.0 = Debug|Any CPU
		{4B7FC11A-616F-4E6A-8966-9E7E23665A5A}.Release_MSIX|Any CPU.ActiveCfg = Release_MSIX|Any CPU
		{4B7FC11A-616F-4E6A-8966-9E7E23665A5A}.Release_MSIX|ARM.ActiveCfg = Release_MSIX|Any CPU
		{4B7FC11A-616F-4E6A-8966-9E7E23665A5A}.Release_MSIX|ARM.Build.0 = Release_MSIX|Any CPU
		{4B7FC11A-616F-4E6A-8966-9E7E23665A5A}.Release_MSIX|ARM64.ActiveCfg = Release_MSIX|Any CPU
		{4B7FC11A-616F-4E6A-8966-9E7E23665A5A}.Release_MSIX|ARM64.Build.0 = Release_MSIX|Any CPU
		{4B7FC11A-616F-4E6A-8966-9E7E23665A5A}.Release_MSIX|x64.ActiveCfg = Release_MSIX|Any CPU
		{4B7FC11A-616F-4E6A-8966-9E7E23665A5A}.Release_MSIX|x64.Build.0 = Release_MSIX|Any CPU
		{4B7FC11A-616F-4E6A-8966-9E7E23665A5A}.Release_MSIX|x86.ActiveCfg = Release_MSIX|Any CPU
		{4B7FC11A-616F-4E6A-8966-9E7E23665A5A}.Release_MSIX|x86.Build.0 = Release_MSIX|Any CPU
		{4B7FC11A-616F-4E6A-8966-9E7E23665A5A}.Release|Any CPU.ActiveCfg = Release|Any CPU
		{4B7FC11A-616F-4E6A-8966-9E7E23665A5A}.Release|Any CPU.Build.0 = Release|Any CPU
		{4B7FC11A-616F-4E6A-8966-9E7E23665A5A}.Release|ARM.ActiveCfg = Release|Any CPU
		{4B7FC11A-616F-4E6A-8966-9E7E23665A5A}.Release|ARM.Build.0 = Release|Any CPU
		{4B7FC11A-616F-4E6A-8966-9E7E23665A5A}.Release|ARM64.ActiveCfg = Release|Any CPU
		{4B7FC11A-616F-4E6A-8966-9E7E23665A5A}.Release|ARM64.Build.0 = Release|Any CPU
		{4B7FC11A-616F-4E6A-8966-9E7E23665A5A}.Release|x64.ActiveCfg = Release|Any CPU
		{4B7FC11A-616F-4E6A-8966-9E7E23665A5A}.Release|x64.Build.0 = Release|Any CPU
		{4B7FC11A-616F-4E6A-8966-9E7E23665A5A}.Release|x86.ActiveCfg = Release|Any CPU
		{4B7FC11A-616F-4E6A-8966-9E7E23665A5A}.Release|x86.Build.0 = Release|Any CPU
		{B6721576-FBFF-4D60-B3CD-0ED70DBA78FC}.Debug_MSIX|Any CPU.ActiveCfg = Debug_MSIX|Any CPU
		{B6721576-FBFF-4D60-B3CD-0ED70DBA78FC}.Debug_MSIX|Any CPU.Build.0 = Debug_MSIX|Any CPU
		{B6721576-FBFF-4D60-B3CD-0ED70DBA78FC}.Debug_MSIX|ARM.ActiveCfg = Debug_MSIX|Any CPU
		{B6721576-FBFF-4D60-B3CD-0ED70DBA78FC}.Debug_MSIX|ARM.Build.0 = Debug_MSIX|Any CPU
		{B6721576-FBFF-4D60-B3CD-0ED70DBA78FC}.Debug_MSIX|ARM64.ActiveCfg = Debug_MSIX|Any CPU
		{B6721576-FBFF-4D60-B3CD-0ED70DBA78FC}.Debug_MSIX|ARM64.Build.0 = Debug_MSIX|Any CPU
		{B6721576-FBFF-4D60-B3CD-0ED70DBA78FC}.Debug_MSIX|x64.ActiveCfg = Debug_MSIX|Any CPU
		{B6721576-FBFF-4D60-B3CD-0ED70DBA78FC}.Debug_MSIX|x86.ActiveCfg = Debug_MSIX|Any CPU
		{B6721576-FBFF-4D60-B3CD-0ED70DBA78FC}.Debug_MSIX|x86.Build.0 = Debug_MSIX|Any CPU
		{B6721576-FBFF-4D60-B3CD-0ED70DBA78FC}.Debug|Any CPU.ActiveCfg = Debug|Any CPU
		{B6721576-FBFF-4D60-B3CD-0ED70DBA78FC}.Debug|Any CPU.Build.0 = Debug|Any CPU
		{B6721576-FBFF-4D60-B3CD-0ED70DBA78FC}.Debug|ARM.ActiveCfg = Debug|Any CPU
		{B6721576-FBFF-4D60-B3CD-0ED70DBA78FC}.Debug|ARM.Build.0 = Debug|Any CPU
		{B6721576-FBFF-4D60-B3CD-0ED70DBA78FC}.Debug|ARM64.ActiveCfg = Debug|Any CPU
		{B6721576-FBFF-4D60-B3CD-0ED70DBA78FC}.Debug|ARM64.Build.0 = Debug|Any CPU
		{B6721576-FBFF-4D60-B3CD-0ED70DBA78FC}.Debug|x64.ActiveCfg = Debug|Any CPU
		{B6721576-FBFF-4D60-B3CD-0ED70DBA78FC}.Debug|x64.Build.0 = Debug|Any CPU
		{B6721576-FBFF-4D60-B3CD-0ED70DBA78FC}.Debug|x86.ActiveCfg = Debug|Any CPU
		{B6721576-FBFF-4D60-B3CD-0ED70DBA78FC}.Debug|x86.Build.0 = Debug|Any CPU
		{B6721576-FBFF-4D60-B3CD-0ED70DBA78FC}.Release_MSIX|Any CPU.ActiveCfg = Release_MSIX|Any CPU
		{B6721576-FBFF-4D60-B3CD-0ED70DBA78FC}.Release_MSIX|ARM.ActiveCfg = Release_MSIX|Any CPU
		{B6721576-FBFF-4D60-B3CD-0ED70DBA78FC}.Release_MSIX|ARM.Build.0 = Release_MSIX|Any CPU
		{B6721576-FBFF-4D60-B3CD-0ED70DBA78FC}.Release_MSIX|ARM64.ActiveCfg = Release_MSIX|Any CPU
		{B6721576-FBFF-4D60-B3CD-0ED70DBA78FC}.Release_MSIX|ARM64.Build.0 = Release_MSIX|Any CPU
		{B6721576-FBFF-4D60-B3CD-0ED70DBA78FC}.Release_MSIX|x64.ActiveCfg = Release_MSIX|Any CPU
		{B6721576-FBFF-4D60-B3CD-0ED70DBA78FC}.Release_MSIX|x64.Build.0 = Release_MSIX|Any CPU
		{B6721576-FBFF-4D60-B3CD-0ED70DBA78FC}.Release_MSIX|x86.ActiveCfg = Release_MSIX|Any CPU
		{B6721576-FBFF-4D60-B3CD-0ED70DBA78FC}.Release_MSIX|x86.Build.0 = Release_MSIX|Any CPU
		{B6721576-FBFF-4D60-B3CD-0ED70DBA78FC}.Release|Any CPU.ActiveCfg = Release|Any CPU
		{B6721576-FBFF-4D60-B3CD-0ED70DBA78FC}.Release|Any CPU.Build.0 = Release|Any CPU
		{B6721576-FBFF-4D60-B3CD-0ED70DBA78FC}.Release|ARM.ActiveCfg = Release|Any CPU
		{B6721576-FBFF-4D60-B3CD-0ED70DBA78FC}.Release|ARM.Build.0 = Release|Any CPU
		{B6721576-FBFF-4D60-B3CD-0ED70DBA78FC}.Release|ARM64.ActiveCfg = Release|Any CPU
		{B6721576-FBFF-4D60-B3CD-0ED70DBA78FC}.Release|ARM64.Build.0 = Release|Any CPU
		{B6721576-FBFF-4D60-B3CD-0ED70DBA78FC}.Release|x64.ActiveCfg = Release|Any CPU
		{B6721576-FBFF-4D60-B3CD-0ED70DBA78FC}.Release|x64.Build.0 = Release|Any CPU
		{B6721576-FBFF-4D60-B3CD-0ED70DBA78FC}.Release|x86.ActiveCfg = Release|Any CPU
		{B6721576-FBFF-4D60-B3CD-0ED70DBA78FC}.Release|x86.Build.0 = Release|Any CPU
		{D490316C-8D92-41EF-AAF4-26E902E7FF4F}.Debug_MSIX|Any CPU.ActiveCfg = Debug_MSIX|Any CPU
		{D490316C-8D92-41EF-AAF4-26E902E7FF4F}.Debug_MSIX|Any CPU.Build.0 = Debug_MSIX|Any CPU
		{D490316C-8D92-41EF-AAF4-26E902E7FF4F}.Debug_MSIX|ARM.ActiveCfg = Debug_MSIX|Any CPU
		{D490316C-8D92-41EF-AAF4-26E902E7FF4F}.Debug_MSIX|ARM.Build.0 = Debug_MSIX|Any CPU
		{D490316C-8D92-41EF-AAF4-26E902E7FF4F}.Debug_MSIX|ARM64.ActiveCfg = Debug_MSIX|Any CPU
		{D490316C-8D92-41EF-AAF4-26E902E7FF4F}.Debug_MSIX|ARM64.Build.0 = Debug_MSIX|Any CPU
		{D490316C-8D92-41EF-AAF4-26E902E7FF4F}.Debug_MSIX|x64.ActiveCfg = Debug_MSIX|Any CPU
		{D490316C-8D92-41EF-AAF4-26E902E7FF4F}.Debug_MSIX|x64.Build.0 = Debug_MSIX|Any CPU
		{D490316C-8D92-41EF-AAF4-26E902E7FF4F}.Debug_MSIX|x86.ActiveCfg = Debug_MSIX|Any CPU
		{D490316C-8D92-41EF-AAF4-26E902E7FF4F}.Debug_MSIX|x86.Build.0 = Debug_MSIX|Any CPU
		{D490316C-8D92-41EF-AAF4-26E902E7FF4F}.Debug|Any CPU.ActiveCfg = Debug|Any CPU
		{D490316C-8D92-41EF-AAF4-26E902E7FF4F}.Debug|Any CPU.Build.0 = Debug|Any CPU
		{D490316C-8D92-41EF-AAF4-26E902E7FF4F}.Debug|ARM.ActiveCfg = Debug|Any CPU
		{D490316C-8D92-41EF-AAF4-26E902E7FF4F}.Debug|ARM.Build.0 = Debug|Any CPU
		{D490316C-8D92-41EF-AAF4-26E902E7FF4F}.Debug|ARM64.ActiveCfg = Debug|Any CPU
		{D490316C-8D92-41EF-AAF4-26E902E7FF4F}.Debug|ARM64.Build.0 = Debug|Any CPU
		{D490316C-8D92-41EF-AAF4-26E902E7FF4F}.Debug|x64.ActiveCfg = Debug|Any CPU
		{D490316C-8D92-41EF-AAF4-26E902E7FF4F}.Debug|x64.Build.0 = Debug|Any CPU
		{D490316C-8D92-41EF-AAF4-26E902E7FF4F}.Debug|x86.ActiveCfg = Debug|Any CPU
		{D490316C-8D92-41EF-AAF4-26E902E7FF4F}.Debug|x86.Build.0 = Debug|Any CPU
		{D490316C-8D92-41EF-AAF4-26E902E7FF4F}.Release_MSIX|Any CPU.ActiveCfg = Release_MSIX|Any CPU
		{D490316C-8D92-41EF-AAF4-26E902E7FF4F}.Release_MSIX|Any CPU.Build.0 = Release_MSIX|Any CPU
		{D490316C-8D92-41EF-AAF4-26E902E7FF4F}.Release_MSIX|ARM.ActiveCfg = Release_MSIX|Any CPU
		{D490316C-8D92-41EF-AAF4-26E902E7FF4F}.Release_MSIX|ARM.Build.0 = Release_MSIX|Any CPU
		{D490316C-8D92-41EF-AAF4-26E902E7FF4F}.Release_MSIX|ARM64.ActiveCfg = Release_MSIX|Any CPU
		{D490316C-8D92-41EF-AAF4-26E902E7FF4F}.Release_MSIX|ARM64.Build.0 = Release_MSIX|Any CPU
		{D490316C-8D92-41EF-AAF4-26E902E7FF4F}.Release_MSIX|x64.ActiveCfg = Release_MSIX|Any CPU
		{D490316C-8D92-41EF-AAF4-26E902E7FF4F}.Release_MSIX|x64.Build.0 = Release_MSIX|Any CPU
		{D490316C-8D92-41EF-AAF4-26E902E7FF4F}.Release_MSIX|x86.ActiveCfg = Release_MSIX|Any CPU
		{D490316C-8D92-41EF-AAF4-26E902E7FF4F}.Release_MSIX|x86.Build.0 = Release_MSIX|Any CPU
		{D490316C-8D92-41EF-AAF4-26E902E7FF4F}.Release|Any CPU.ActiveCfg = Release|Any CPU
		{D490316C-8D92-41EF-AAF4-26E902E7FF4F}.Release|Any CPU.Build.0 = Release|Any CPU
		{D490316C-8D92-41EF-AAF4-26E902E7FF4F}.Release|ARM.ActiveCfg = Release|Any CPU
		{D490316C-8D92-41EF-AAF4-26E902E7FF4F}.Release|ARM.Build.0 = Release|Any CPU
		{D490316C-8D92-41EF-AAF4-26E902E7FF4F}.Release|ARM64.ActiveCfg = Release|Any CPU
		{D490316C-8D92-41EF-AAF4-26E902E7FF4F}.Release|ARM64.Build.0 = Release|Any CPU
		{D490316C-8D92-41EF-AAF4-26E902E7FF4F}.Release|x64.ActiveCfg = Release|Any CPU
		{D490316C-8D92-41EF-AAF4-26E902E7FF4F}.Release|x64.Build.0 = Release|Any CPU
		{D490316C-8D92-41EF-AAF4-26E902E7FF4F}.Release|x86.ActiveCfg = Release|Any CPU
		{D490316C-8D92-41EF-AAF4-26E902E7FF4F}.Release|x86.Build.0 = Release|Any CPU
		{FF58930A-3722-4E7C-AD43-DDE198691F86}.Debug_MSIX|Any CPU.ActiveCfg = Debug_MSIX|Any CPU
		{FF58930A-3722-4E7C-AD43-DDE198691F86}.Debug_MSIX|Any CPU.Build.0 = Debug_MSIX|Any CPU
		{FF58930A-3722-4E7C-AD43-DDE198691F86}.Debug_MSIX|Any CPU.Deploy.0 = Debug_MSIX|Any CPU
		{FF58930A-3722-4E7C-AD43-DDE198691F86}.Debug_MSIX|ARM.ActiveCfg = Debug_MSIX|ARM
		{FF58930A-3722-4E7C-AD43-DDE198691F86}.Debug_MSIX|ARM.Build.0 = Debug_MSIX|ARM
		{FF58930A-3722-4E7C-AD43-DDE198691F86}.Debug_MSIX|ARM.Deploy.0 = Debug_MSIX|ARM
		{FF58930A-3722-4E7C-AD43-DDE198691F86}.Debug_MSIX|ARM64.ActiveCfg = Debug_MSIX|ARM64
		{FF58930A-3722-4E7C-AD43-DDE198691F86}.Debug_MSIX|ARM64.Build.0 = Debug_MSIX|ARM64
		{FF58930A-3722-4E7C-AD43-DDE198691F86}.Debug_MSIX|ARM64.Deploy.0 = Debug_MSIX|ARM64
		{FF58930A-3722-4E7C-AD43-DDE198691F86}.Debug_MSIX|x64.ActiveCfg = Debug_MSIX|x64
		{FF58930A-3722-4E7C-AD43-DDE198691F86}.Debug_MSIX|x64.Build.0 = Debug_MSIX|x64
		{FF58930A-3722-4E7C-AD43-DDE198691F86}.Debug_MSIX|x64.Deploy.0 = Debug_MSIX|x64
		{FF58930A-3722-4E7C-AD43-DDE198691F86}.Debug_MSIX|x86.ActiveCfg = Debug_MSIX|x86
		{FF58930A-3722-4E7C-AD43-DDE198691F86}.Debug_MSIX|x86.Build.0 = Debug_MSIX|x86
		{FF58930A-3722-4E7C-AD43-DDE198691F86}.Debug_MSIX|x86.Deploy.0 = Debug_MSIX|x86
		{FF58930A-3722-4E7C-AD43-DDE198691F86}.Debug|Any CPU.ActiveCfg = Debug|Any CPU
		{FF58930A-3722-4E7C-AD43-DDE198691F86}.Debug|ARM.ActiveCfg = Debug|ARM
		{FF58930A-3722-4E7C-AD43-DDE198691F86}.Debug|ARM.Build.0 = Debug|ARM
		{FF58930A-3722-4E7C-AD43-DDE198691F86}.Debug|ARM.Deploy.0 = Debug|ARM
		{FF58930A-3722-4E7C-AD43-DDE198691F86}.Debug|ARM64.ActiveCfg = Debug|ARM64
		{FF58930A-3722-4E7C-AD43-DDE198691F86}.Debug|ARM64.Build.0 = Debug|ARM64
		{FF58930A-3722-4E7C-AD43-DDE198691F86}.Debug|ARM64.Deploy.0 = Debug|ARM64
		{FF58930A-3722-4E7C-AD43-DDE198691F86}.Debug|x64.ActiveCfg = Debug|x64
		{FF58930A-3722-4E7C-AD43-DDE198691F86}.Debug|x64.Build.0 = Debug|x64
		{FF58930A-3722-4E7C-AD43-DDE198691F86}.Debug|x64.Deploy.0 = Debug|x64
		{FF58930A-3722-4E7C-AD43-DDE198691F86}.Debug|x86.ActiveCfg = Debug|x86
		{FF58930A-3722-4E7C-AD43-DDE198691F86}.Debug|x86.Build.0 = Debug|x86
		{FF58930A-3722-4E7C-AD43-DDE198691F86}.Debug|x86.Deploy.0 = Debug|x86
		{FF58930A-3722-4E7C-AD43-DDE198691F86}.Release_MSIX|Any CPU.ActiveCfg = Release_MSIX|Any CPU
		{FF58930A-3722-4E7C-AD43-DDE198691F86}.Release_MSIX|Any CPU.Build.0 = Release_MSIX|Any CPU
		{FF58930A-3722-4E7C-AD43-DDE198691F86}.Release_MSIX|Any CPU.Deploy.0 = Release_MSIX|Any CPU
		{FF58930A-3722-4E7C-AD43-DDE198691F86}.Release_MSIX|ARM.ActiveCfg = Release_MSIX|ARM
		{FF58930A-3722-4E7C-AD43-DDE198691F86}.Release_MSIX|ARM.Build.0 = Release_MSIX|ARM
		{FF58930A-3722-4E7C-AD43-DDE198691F86}.Release_MSIX|ARM.Deploy.0 = Release_MSIX|ARM
		{FF58930A-3722-4E7C-AD43-DDE198691F86}.Release_MSIX|ARM64.ActiveCfg = Release_MSIX|ARM64
		{FF58930A-3722-4E7C-AD43-DDE198691F86}.Release_MSIX|ARM64.Build.0 = Release_MSIX|ARM64
		{FF58930A-3722-4E7C-AD43-DDE198691F86}.Release_MSIX|ARM64.Deploy.0 = Release_MSIX|ARM64
		{FF58930A-3722-4E7C-AD43-DDE198691F86}.Release_MSIX|x64.ActiveCfg = Release_MSIX|x64
		{FF58930A-3722-4E7C-AD43-DDE198691F86}.Release_MSIX|x64.Build.0 = Release_MSIX|x64
		{FF58930A-3722-4E7C-AD43-DDE198691F86}.Release_MSIX|x64.Deploy.0 = Release_MSIX|x64
		{FF58930A-3722-4E7C-AD43-DDE198691F86}.Release_MSIX|x86.ActiveCfg = Release_MSIX|x86
		{FF58930A-3722-4E7C-AD43-DDE198691F86}.Release_MSIX|x86.Build.0 = Release_MSIX|x86
		{FF58930A-3722-4E7C-AD43-DDE198691F86}.Release_MSIX|x86.Deploy.0 = Release_MSIX|x86
		{FF58930A-3722-4E7C-AD43-DDE198691F86}.Release|Any CPU.ActiveCfg = Release|Any CPU
		{FF58930A-3722-4E7C-AD43-DDE198691F86}.Release|ARM.ActiveCfg = Release|ARM
		{FF58930A-3722-4E7C-AD43-DDE198691F86}.Release|ARM.Build.0 = Release|ARM
		{FF58930A-3722-4E7C-AD43-DDE198691F86}.Release|ARM.Deploy.0 = Release|ARM
		{FF58930A-3722-4E7C-AD43-DDE198691F86}.Release|ARM64.ActiveCfg = Release|ARM64
		{FF58930A-3722-4E7C-AD43-DDE198691F86}.Release|ARM64.Build.0 = Release|ARM64
		{FF58930A-3722-4E7C-AD43-DDE198691F86}.Release|ARM64.Deploy.0 = Release|ARM64
		{FF58930A-3722-4E7C-AD43-DDE198691F86}.Release|x64.ActiveCfg = Release|x64
		{FF58930A-3722-4E7C-AD43-DDE198691F86}.Release|x64.Build.0 = Release|x64
		{FF58930A-3722-4E7C-AD43-DDE198691F86}.Release|x64.Deploy.0 = Release|x64
		{FF58930A-3722-4E7C-AD43-DDE198691F86}.Release|x86.ActiveCfg = Release|x86
		{FF58930A-3722-4E7C-AD43-DDE198691F86}.Release|x86.Build.0 = Release|x86
		{FF58930A-3722-4E7C-AD43-DDE198691F86}.Release|x86.Deploy.0 = Release|x86
		{8E0D48FA-FDF5-493C-AC89-9DE25E0D2EB3}.Debug_MSIX|Any CPU.ActiveCfg = Debug|Any CPU
		{8E0D48FA-FDF5-493C-AC89-9DE25E0D2EB3}.Debug_MSIX|Any CPU.Build.0 = Debug|Any CPU
		{8E0D48FA-FDF5-493C-AC89-9DE25E0D2EB3}.Debug_MSIX|ARM.ActiveCfg = Debug|Any CPU
		{8E0D48FA-FDF5-493C-AC89-9DE25E0D2EB3}.Debug_MSIX|ARM.Build.0 = Debug|Any CPU
		{8E0D48FA-FDF5-493C-AC89-9DE25E0D2EB3}.Debug_MSIX|ARM64.ActiveCfg = Debug|Any CPU
		{8E0D48FA-FDF5-493C-AC89-9DE25E0D2EB3}.Debug_MSIX|ARM64.Build.0 = Debug|Any CPU
		{8E0D48FA-FDF5-493C-AC89-9DE25E0D2EB3}.Debug_MSIX|x64.ActiveCfg = Debug|Any CPU
		{8E0D48FA-FDF5-493C-AC89-9DE25E0D2EB3}.Debug_MSIX|x64.Build.0 = Debug|Any CPU
		{8E0D48FA-FDF5-493C-AC89-9DE25E0D2EB3}.Debug_MSIX|x86.ActiveCfg = Debug|Any CPU
		{8E0D48FA-FDF5-493C-AC89-9DE25E0D2EB3}.Debug_MSIX|x86.Build.0 = Debug|Any CPU
		{8E0D48FA-FDF5-493C-AC89-9DE25E0D2EB3}.Debug|Any CPU.ActiveCfg = Debug|Any CPU
		{8E0D48FA-FDF5-493C-AC89-9DE25E0D2EB3}.Debug|Any CPU.Build.0 = Debug|Any CPU
		{8E0D48FA-FDF5-493C-AC89-9DE25E0D2EB3}.Debug|ARM.ActiveCfg = Debug|Any CPU
		{8E0D48FA-FDF5-493C-AC89-9DE25E0D2EB3}.Debug|ARM.Build.0 = Debug|Any CPU
		{8E0D48FA-FDF5-493C-AC89-9DE25E0D2EB3}.Debug|ARM64.ActiveCfg = Debug|Any CPU
		{8E0D48FA-FDF5-493C-AC89-9DE25E0D2EB3}.Debug|ARM64.Build.0 = Debug|Any CPU
		{8E0D48FA-FDF5-493C-AC89-9DE25E0D2EB3}.Debug|x64.ActiveCfg = Debug|Any CPU
		{8E0D48FA-FDF5-493C-AC89-9DE25E0D2EB3}.Debug|x64.Build.0 = Debug|Any CPU
		{8E0D48FA-FDF5-493C-AC89-9DE25E0D2EB3}.Debug|x86.ActiveCfg = Debug|Any CPU
		{8E0D48FA-FDF5-493C-AC89-9DE25E0D2EB3}.Debug|x86.Build.0 = Debug|Any CPU
		{8E0D48FA-FDF5-493C-AC89-9DE25E0D2EB3}.Release_MSIX|Any CPU.ActiveCfg = Release|Any CPU
		{8E0D48FA-FDF5-493C-AC89-9DE25E0D2EB3}.Release_MSIX|Any CPU.Build.0 = Release|Any CPU
		{8E0D48FA-FDF5-493C-AC89-9DE25E0D2EB3}.Release_MSIX|ARM.ActiveCfg = Release|Any CPU
		{8E0D48FA-FDF5-493C-AC89-9DE25E0D2EB3}.Release_MSIX|ARM.Build.0 = Release|Any CPU
		{8E0D48FA-FDF5-493C-AC89-9DE25E0D2EB3}.Release_MSIX|ARM64.ActiveCfg = Release|Any CPU
		{8E0D48FA-FDF5-493C-AC89-9DE25E0D2EB3}.Release_MSIX|ARM64.Build.0 = Release|Any CPU
		{8E0D48FA-FDF5-493C-AC89-9DE25E0D2EB3}.Release_MSIX|x64.ActiveCfg = Release|Any CPU
		{8E0D48FA-FDF5-493C-AC89-9DE25E0D2EB3}.Release_MSIX|x64.Build.0 = Release|Any CPU
		{8E0D48FA-FDF5-493C-AC89-9DE25E0D2EB3}.Release_MSIX|x86.ActiveCfg = Release|Any CPU
		{8E0D48FA-FDF5-493C-AC89-9DE25E0D2EB3}.Release_MSIX|x86.Build.0 = Release|Any CPU
		{8E0D48FA-FDF5-493C-AC89-9DE25E0D2EB3}.Release|Any CPU.ActiveCfg = Release|Any CPU
		{8E0D48FA-FDF5-493C-AC89-9DE25E0D2EB3}.Release|Any CPU.Build.0 = Release|Any CPU
		{8E0D48FA-FDF5-493C-AC89-9DE25E0D2EB3}.Release|ARM.ActiveCfg = Release|Any CPU
		{8E0D48FA-FDF5-493C-AC89-9DE25E0D2EB3}.Release|ARM.Build.0 = Release|Any CPU
		{8E0D48FA-FDF5-493C-AC89-9DE25E0D2EB3}.Release|ARM64.ActiveCfg = Release|Any CPU
		{8E0D48FA-FDF5-493C-AC89-9DE25E0D2EB3}.Release|ARM64.Build.0 = Release|Any CPU
		{8E0D48FA-FDF5-493C-AC89-9DE25E0D2EB3}.Release|x64.ActiveCfg = Release|Any CPU
		{8E0D48FA-FDF5-493C-AC89-9DE25E0D2EB3}.Release|x64.Build.0 = Release|Any CPU
		{8E0D48FA-FDF5-493C-AC89-9DE25E0D2EB3}.Release|x86.ActiveCfg = Release|Any CPU
		{8E0D48FA-FDF5-493C-AC89-9DE25E0D2EB3}.Release|x86.Build.0 = Release|Any CPU
		{32B1CD4E-7002-4ED2-82EB-CF7F3EDD3F95}.Debug_MSIX|Any CPU.ActiveCfg = Debug|Any CPU
		{32B1CD4E-7002-4ED2-82EB-CF7F3EDD3F95}.Debug_MSIX|Any CPU.Build.0 = Debug|Any CPU
		{32B1CD4E-7002-4ED2-82EB-CF7F3EDD3F95}.Debug_MSIX|ARM.ActiveCfg = Debug|Any CPU
		{32B1CD4E-7002-4ED2-82EB-CF7F3EDD3F95}.Debug_MSIX|ARM.Build.0 = Debug|Any CPU
		{32B1CD4E-7002-4ED2-82EB-CF7F3EDD3F95}.Debug_MSIX|ARM64.ActiveCfg = Debug|Any CPU
		{32B1CD4E-7002-4ED2-82EB-CF7F3EDD3F95}.Debug_MSIX|ARM64.Build.0 = Debug|Any CPU
		{32B1CD4E-7002-4ED2-82EB-CF7F3EDD3F95}.Debug_MSIX|x64.ActiveCfg = Debug|Any CPU
		{32B1CD4E-7002-4ED2-82EB-CF7F3EDD3F95}.Debug_MSIX|x64.Build.0 = Debug|Any CPU
		{32B1CD4E-7002-4ED2-82EB-CF7F3EDD3F95}.Debug_MSIX|x86.ActiveCfg = Debug|Any CPU
		{32B1CD4E-7002-4ED2-82EB-CF7F3EDD3F95}.Debug_MSIX|x86.Build.0 = Debug|Any CPU
		{32B1CD4E-7002-4ED2-82EB-CF7F3EDD3F95}.Debug|Any CPU.ActiveCfg = Debug|Any CPU
		{32B1CD4E-7002-4ED2-82EB-CF7F3EDD3F95}.Debug|Any CPU.Build.0 = Debug|Any CPU
		{32B1CD4E-7002-4ED2-82EB-CF7F3EDD3F95}.Debug|ARM.ActiveCfg = Debug|Any CPU
		{32B1CD4E-7002-4ED2-82EB-CF7F3EDD3F95}.Debug|ARM.Build.0 = Debug|Any CPU
		{32B1CD4E-7002-4ED2-82EB-CF7F3EDD3F95}.Debug|ARM64.ActiveCfg = Debug|Any CPU
		{32B1CD4E-7002-4ED2-82EB-CF7F3EDD3F95}.Debug|ARM64.Build.0 = Debug|Any CPU
		{32B1CD4E-7002-4ED2-82EB-CF7F3EDD3F95}.Debug|x64.ActiveCfg = Debug|Any CPU
		{32B1CD4E-7002-4ED2-82EB-CF7F3EDD3F95}.Debug|x64.Build.0 = Debug|Any CPU
		{32B1CD4E-7002-4ED2-82EB-CF7F3EDD3F95}.Debug|x86.ActiveCfg = Debug|Any CPU
		{32B1CD4E-7002-4ED2-82EB-CF7F3EDD3F95}.Debug|x86.Build.0 = Debug|Any CPU
		{32B1CD4E-7002-4ED2-82EB-CF7F3EDD3F95}.Release_MSIX|Any CPU.ActiveCfg = Release|Any CPU
		{32B1CD4E-7002-4ED2-82EB-CF7F3EDD3F95}.Release_MSIX|Any CPU.Build.0 = Release|Any CPU
		{32B1CD4E-7002-4ED2-82EB-CF7F3EDD3F95}.Release_MSIX|ARM.ActiveCfg = Release|Any CPU
		{32B1CD4E-7002-4ED2-82EB-CF7F3EDD3F95}.Release_MSIX|ARM.Build.0 = Release|Any CPU
		{32B1CD4E-7002-4ED2-82EB-CF7F3EDD3F95}.Release_MSIX|ARM64.ActiveCfg = Release|Any CPU
		{32B1CD4E-7002-4ED2-82EB-CF7F3EDD3F95}.Release_MSIX|ARM64.Build.0 = Release|Any CPU
		{32B1CD4E-7002-4ED2-82EB-CF7F3EDD3F95}.Release_MSIX|x64.ActiveCfg = Release|Any CPU
		{32B1CD4E-7002-4ED2-82EB-CF7F3EDD3F95}.Release_MSIX|x64.Build.0 = Release|Any CPU
		{32B1CD4E-7002-4ED2-82EB-CF7F3EDD3F95}.Release_MSIX|x86.ActiveCfg = Release|Any CPU
		{32B1CD4E-7002-4ED2-82EB-CF7F3EDD3F95}.Release_MSIX|x86.Build.0 = Release|Any CPU
		{32B1CD4E-7002-4ED2-82EB-CF7F3EDD3F95}.Release|Any CPU.ActiveCfg = Release|Any CPU
		{32B1CD4E-7002-4ED2-82EB-CF7F3EDD3F95}.Release|Any CPU.Build.0 = Release|Any CPU
		{32B1CD4E-7002-4ED2-82EB-CF7F3EDD3F95}.Release|ARM.ActiveCfg = Release|Any CPU
		{32B1CD4E-7002-4ED2-82EB-CF7F3EDD3F95}.Release|ARM.Build.0 = Release|Any CPU
		{32B1CD4E-7002-4ED2-82EB-CF7F3EDD3F95}.Release|ARM64.ActiveCfg = Release|Any CPU
		{32B1CD4E-7002-4ED2-82EB-CF7F3EDD3F95}.Release|ARM64.Build.0 = Release|Any CPU
		{32B1CD4E-7002-4ED2-82EB-CF7F3EDD3F95}.Release|x64.ActiveCfg = Release|Any CPU
		{32B1CD4E-7002-4ED2-82EB-CF7F3EDD3F95}.Release|x64.Build.0 = Release|Any CPU
		{32B1CD4E-7002-4ED2-82EB-CF7F3EDD3F95}.Release|x86.ActiveCfg = Release|Any CPU
		{32B1CD4E-7002-4ED2-82EB-CF7F3EDD3F95}.Release|x86.Build.0 = Release|Any CPU
		{6AD4F893-8944-4F67-ADD5-029A4C102975}.Debug_MSIX|Any CPU.ActiveCfg = Debug|Any CPU
		{6AD4F893-8944-4F67-ADD5-029A4C102975}.Debug_MSIX|Any CPU.Build.0 = Debug|Any CPU
		{6AD4F893-8944-4F67-ADD5-029A4C102975}.Debug_MSIX|ARM.ActiveCfg = Debug|Any CPU
		{6AD4F893-8944-4F67-ADD5-029A4C102975}.Debug_MSIX|ARM.Build.0 = Debug|Any CPU
		{6AD4F893-8944-4F67-ADD5-029A4C102975}.Debug_MSIX|ARM64.ActiveCfg = Debug|Any CPU
		{6AD4F893-8944-4F67-ADD5-029A4C102975}.Debug_MSIX|ARM64.Build.0 = Debug|Any CPU
		{6AD4F893-8944-4F67-ADD5-029A4C102975}.Debug_MSIX|x64.ActiveCfg = Debug|Any CPU
		{6AD4F893-8944-4F67-ADD5-029A4C102975}.Debug_MSIX|x64.Build.0 = Debug|Any CPU
		{6AD4F893-8944-4F67-ADD5-029A4C102975}.Debug_MSIX|x86.ActiveCfg = Debug|Any CPU
		{6AD4F893-8944-4F67-ADD5-029A4C102975}.Debug_MSIX|x86.Build.0 = Debug|Any CPU
		{6AD4F893-8944-4F67-ADD5-029A4C102975}.Debug|Any CPU.ActiveCfg = Debug|Any CPU
		{6AD4F893-8944-4F67-ADD5-029A4C102975}.Debug|Any CPU.Build.0 = Debug|Any CPU
		{6AD4F893-8944-4F67-ADD5-029A4C102975}.Debug|ARM.ActiveCfg = Debug|Any CPU
		{6AD4F893-8944-4F67-ADD5-029A4C102975}.Debug|ARM.Build.0 = Debug|Any CPU
		{6AD4F893-8944-4F67-ADD5-029A4C102975}.Debug|ARM64.ActiveCfg = Debug|Any CPU
		{6AD4F893-8944-4F67-ADD5-029A4C102975}.Debug|ARM64.Build.0 = Debug|Any CPU
		{6AD4F893-8944-4F67-ADD5-029A4C102975}.Debug|x64.ActiveCfg = Debug|Any CPU
		{6AD4F893-8944-4F67-ADD5-029A4C102975}.Debug|x64.Build.0 = Debug|Any CPU
		{6AD4F893-8944-4F67-ADD5-029A4C102975}.Debug|x86.ActiveCfg = Debug|Any CPU
		{6AD4F893-8944-4F67-ADD5-029A4C102975}.Debug|x86.Build.0 = Debug|Any CPU
		{6AD4F893-8944-4F67-ADD5-029A4C102975}.Release_MSIX|Any CPU.ActiveCfg = Debug|Any CPU
		{6AD4F893-8944-4F67-ADD5-029A4C102975}.Release_MSIX|Any CPU.Build.0 = Debug|Any CPU
		{6AD4F893-8944-4F67-ADD5-029A4C102975}.Release_MSIX|ARM.ActiveCfg = Debug|Any CPU
		{6AD4F893-8944-4F67-ADD5-029A4C102975}.Release_MSIX|ARM.Build.0 = Debug|Any CPU
		{6AD4F893-8944-4F67-ADD5-029A4C102975}.Release_MSIX|ARM64.ActiveCfg = Debug|Any CPU
		{6AD4F893-8944-4F67-ADD5-029A4C102975}.Release_MSIX|ARM64.Build.0 = Debug|Any CPU
		{6AD4F893-8944-4F67-ADD5-029A4C102975}.Release_MSIX|x64.ActiveCfg = Debug|Any CPU
		{6AD4F893-8944-4F67-ADD5-029A4C102975}.Release_MSIX|x64.Build.0 = Debug|Any CPU
		{6AD4F893-8944-4F67-ADD5-029A4C102975}.Release_MSIX|x86.ActiveCfg = Debug|Any CPU
		{6AD4F893-8944-4F67-ADD5-029A4C102975}.Release_MSIX|x86.Build.0 = Debug|Any CPU
		{6AD4F893-8944-4F67-ADD5-029A4C102975}.Release|Any CPU.ActiveCfg = Release|Any CPU
		{6AD4F893-8944-4F67-ADD5-029A4C102975}.Release|Any CPU.Build.0 = Release|Any CPU
		{6AD4F893-8944-4F67-ADD5-029A4C102975}.Release|ARM.ActiveCfg = Release|Any CPU
		{6AD4F893-8944-4F67-ADD5-029A4C102975}.Release|ARM.Build.0 = Release|Any CPU
		{6AD4F893-8944-4F67-ADD5-029A4C102975}.Release|ARM64.ActiveCfg = Release|Any CPU
		{6AD4F893-8944-4F67-ADD5-029A4C102975}.Release|ARM64.Build.0 = Release|Any CPU
		{6AD4F893-8944-4F67-ADD5-029A4C102975}.Release|x64.ActiveCfg = Release|Any CPU
		{6AD4F893-8944-4F67-ADD5-029A4C102975}.Release|x64.Build.0 = Release|Any CPU
		{6AD4F893-8944-4F67-ADD5-029A4C102975}.Release|x86.ActiveCfg = Release|Any CPU
		{6AD4F893-8944-4F67-ADD5-029A4C102975}.Release|x86.Build.0 = Release|Any CPU
		{7E11FD63-B60B-423E-BF80-101582960C19}.Debug_MSIX|Any CPU.ActiveCfg = Debug|Any CPU
		{7E11FD63-B60B-423E-BF80-101582960C19}.Debug_MSIX|Any CPU.Build.0 = Debug|Any CPU
		{7E11FD63-B60B-423E-BF80-101582960C19}.Debug_MSIX|ARM.ActiveCfg = Debug|Any CPU
		{7E11FD63-B60B-423E-BF80-101582960C19}.Debug_MSIX|ARM.Build.0 = Debug|Any CPU
		{7E11FD63-B60B-423E-BF80-101582960C19}.Debug_MSIX|ARM64.ActiveCfg = Debug|Any CPU
		{7E11FD63-B60B-423E-BF80-101582960C19}.Debug_MSIX|ARM64.Build.0 = Debug|Any CPU
		{7E11FD63-B60B-423E-BF80-101582960C19}.Debug_MSIX|x64.ActiveCfg = Debug|Any CPU
		{7E11FD63-B60B-423E-BF80-101582960C19}.Debug_MSIX|x64.Build.0 = Debug|Any CPU
		{7E11FD63-B60B-423E-BF80-101582960C19}.Debug_MSIX|x86.ActiveCfg = Debug|Any CPU
		{7E11FD63-B60B-423E-BF80-101582960C19}.Debug_MSIX|x86.Build.0 = Debug|Any CPU
		{7E11FD63-B60B-423E-BF80-101582960C19}.Debug|Any CPU.ActiveCfg = Debug|Any CPU
		{7E11FD63-B60B-423E-BF80-101582960C19}.Debug|Any CPU.Build.0 = Debug|Any CPU
		{7E11FD63-B60B-423E-BF80-101582960C19}.Debug|ARM.ActiveCfg = Debug|Any CPU
		{7E11FD63-B60B-423E-BF80-101582960C19}.Debug|ARM.Build.0 = Debug|Any CPU
		{7E11FD63-B60B-423E-BF80-101582960C19}.Debug|ARM64.ActiveCfg = Debug|Any CPU
		{7E11FD63-B60B-423E-BF80-101582960C19}.Debug|ARM64.Build.0 = Debug|Any CPU
		{7E11FD63-B60B-423E-BF80-101582960C19}.Debug|x64.ActiveCfg = Debug|Any CPU
		{7E11FD63-B60B-423E-BF80-101582960C19}.Debug|x64.Build.0 = Debug|Any CPU
		{7E11FD63-B60B-423E-BF80-101582960C19}.Debug|x86.ActiveCfg = Debug|Any CPU
		{7E11FD63-B60B-423E-BF80-101582960C19}.Debug|x86.Build.0 = Debug|Any CPU
		{7E11FD63-B60B-423E-BF80-101582960C19}.Release_MSIX|Any CPU.ActiveCfg = Debug|Any CPU
		{7E11FD63-B60B-423E-BF80-101582960C19}.Release_MSIX|Any CPU.Build.0 = Debug|Any CPU
		{7E11FD63-B60B-423E-BF80-101582960C19}.Release_MSIX|ARM.ActiveCfg = Debug|Any CPU
		{7E11FD63-B60B-423E-BF80-101582960C19}.Release_MSIX|ARM.Build.0 = Debug|Any CPU
		{7E11FD63-B60B-423E-BF80-101582960C19}.Release_MSIX|ARM64.ActiveCfg = Debug|Any CPU
		{7E11FD63-B60B-423E-BF80-101582960C19}.Release_MSIX|ARM64.Build.0 = Debug|Any CPU
		{7E11FD63-B60B-423E-BF80-101582960C19}.Release_MSIX|x64.ActiveCfg = Debug|Any CPU
		{7E11FD63-B60B-423E-BF80-101582960C19}.Release_MSIX|x64.Build.0 = Debug|Any CPU
		{7E11FD63-B60B-423E-BF80-101582960C19}.Release_MSIX|x86.ActiveCfg = Debug|Any CPU
		{7E11FD63-B60B-423E-BF80-101582960C19}.Release_MSIX|x86.Build.0 = Debug|Any CPU
		{7E11FD63-B60B-423E-BF80-101582960C19}.Release|Any CPU.ActiveCfg = Release|Any CPU
		{7E11FD63-B60B-423E-BF80-101582960C19}.Release|Any CPU.Build.0 = Release|Any CPU
		{7E11FD63-B60B-423E-BF80-101582960C19}.Release|ARM.ActiveCfg = Release|Any CPU
		{7E11FD63-B60B-423E-BF80-101582960C19}.Release|ARM.Build.0 = Release|Any CPU
		{7E11FD63-B60B-423E-BF80-101582960C19}.Release|ARM64.ActiveCfg = Release|Any CPU
		{7E11FD63-B60B-423E-BF80-101582960C19}.Release|ARM64.Build.0 = Release|Any CPU
		{7E11FD63-B60B-423E-BF80-101582960C19}.Release|x64.ActiveCfg = Release|Any CPU
		{7E11FD63-B60B-423E-BF80-101582960C19}.Release|x64.Build.0 = Release|Any CPU
		{7E11FD63-B60B-423E-BF80-101582960C19}.Release|x86.ActiveCfg = Release|Any CPU
		{7E11FD63-B60B-423E-BF80-101582960C19}.Release|x86.Build.0 = Release|Any CPU
		{E8B261DA-6F45-4D95-952B-6EE406918D0A}.Debug_MSIX|Any CPU.ActiveCfg = Debug|Any CPU
		{E8B261DA-6F45-4D95-952B-6EE406918D0A}.Debug_MSIX|Any CPU.Build.0 = Debug|Any CPU
		{E8B261DA-6F45-4D95-952B-6EE406918D0A}.Debug_MSIX|ARM.ActiveCfg = Debug|Any CPU
		{E8B261DA-6F45-4D95-952B-6EE406918D0A}.Debug_MSIX|ARM.Build.0 = Debug|Any CPU
		{E8B261DA-6F45-4D95-952B-6EE406918D0A}.Debug_MSIX|ARM64.ActiveCfg = Debug|Any CPU
		{E8B261DA-6F45-4D95-952B-6EE406918D0A}.Debug_MSIX|ARM64.Build.0 = Debug|Any CPU
		{E8B261DA-6F45-4D95-952B-6EE406918D0A}.Debug_MSIX|x64.ActiveCfg = Debug|Any CPU
		{E8B261DA-6F45-4D95-952B-6EE406918D0A}.Debug_MSIX|x64.Build.0 = Debug|Any CPU
		{E8B261DA-6F45-4D95-952B-6EE406918D0A}.Debug_MSIX|x86.ActiveCfg = Debug|Any CPU
		{E8B261DA-6F45-4D95-952B-6EE406918D0A}.Debug_MSIX|x86.Build.0 = Debug|Any CPU
		{E8B261DA-6F45-4D95-952B-6EE406918D0A}.Debug|Any CPU.ActiveCfg = Debug|Any CPU
		{E8B261DA-6F45-4D95-952B-6EE406918D0A}.Debug|Any CPU.Build.0 = Debug|Any CPU
		{E8B261DA-6F45-4D95-952B-6EE406918D0A}.Debug|ARM.ActiveCfg = Debug|Any CPU
		{E8B261DA-6F45-4D95-952B-6EE406918D0A}.Debug|ARM.Build.0 = Debug|Any CPU
		{E8B261DA-6F45-4D95-952B-6EE406918D0A}.Debug|ARM64.ActiveCfg = Debug|Any CPU
		{E8B261DA-6F45-4D95-952B-6EE406918D0A}.Debug|ARM64.Build.0 = Debug|Any CPU
		{E8B261DA-6F45-4D95-952B-6EE406918D0A}.Debug|x64.ActiveCfg = Debug|Any CPU
		{E8B261DA-6F45-4D95-952B-6EE406918D0A}.Debug|x64.Build.0 = Debug|Any CPU
		{E8B261DA-6F45-4D95-952B-6EE406918D0A}.Debug|x86.ActiveCfg = Debug|Any CPU
		{E8B261DA-6F45-4D95-952B-6EE406918D0A}.Debug|x86.Build.0 = Debug|Any CPU
		{E8B261DA-6F45-4D95-952B-6EE406918D0A}.Release_MSIX|Any CPU.ActiveCfg = Debug|Any CPU
		{E8B261DA-6F45-4D95-952B-6EE406918D0A}.Release_MSIX|Any CPU.Build.0 = Debug|Any CPU
		{E8B261DA-6F45-4D95-952B-6EE406918D0A}.Release_MSIX|ARM.ActiveCfg = Debug|Any CPU
		{E8B261DA-6F45-4D95-952B-6EE406918D0A}.Release_MSIX|ARM.Build.0 = Debug|Any CPU
		{E8B261DA-6F45-4D95-952B-6EE406918D0A}.Release_MSIX|ARM64.ActiveCfg = Debug|Any CPU
		{E8B261DA-6F45-4D95-952B-6EE406918D0A}.Release_MSIX|ARM64.Build.0 = Debug|Any CPU
		{E8B261DA-6F45-4D95-952B-6EE406918D0A}.Release_MSIX|x64.ActiveCfg = Debug|Any CPU
		{E8B261DA-6F45-4D95-952B-6EE406918D0A}.Release_MSIX|x64.Build.0 = Debug|Any CPU
		{E8B261DA-6F45-4D95-952B-6EE406918D0A}.Release_MSIX|x86.ActiveCfg = Debug|Any CPU
		{E8B261DA-6F45-4D95-952B-6EE406918D0A}.Release_MSIX|x86.Build.0 = Debug|Any CPU
		{E8B261DA-6F45-4D95-952B-6EE406918D0A}.Release|Any CPU.ActiveCfg = Release|Any CPU
		{E8B261DA-6F45-4D95-952B-6EE406918D0A}.Release|Any CPU.Build.0 = Release|Any CPU
		{E8B261DA-6F45-4D95-952B-6EE406918D0A}.Release|ARM.ActiveCfg = Release|Any CPU
		{E8B261DA-6F45-4D95-952B-6EE406918D0A}.Release|ARM.Build.0 = Release|Any CPU
		{E8B261DA-6F45-4D95-952B-6EE406918D0A}.Release|ARM64.ActiveCfg = Release|Any CPU
		{E8B261DA-6F45-4D95-952B-6EE406918D0A}.Release|ARM64.Build.0 = Release|Any CPU
		{E8B261DA-6F45-4D95-952B-6EE406918D0A}.Release|x64.ActiveCfg = Release|Any CPU
		{E8B261DA-6F45-4D95-952B-6EE406918D0A}.Release|x64.Build.0 = Release|Any CPU
		{E8B261DA-6F45-4D95-952B-6EE406918D0A}.Release|x86.ActiveCfg = Release|Any CPU
		{E8B261DA-6F45-4D95-952B-6EE406918D0A}.Release|x86.Build.0 = Release|Any CPU
		{2231B4F9-5B56-4E3E-BD36-068B970444EE}.Debug_MSIX|Any CPU.ActiveCfg = Debug|Any CPU
		{2231B4F9-5B56-4E3E-BD36-068B970444EE}.Debug_MSIX|Any CPU.Build.0 = Debug|Any CPU
		{2231B4F9-5B56-4E3E-BD36-068B970444EE}.Debug_MSIX|ARM.ActiveCfg = Debug|Any CPU
		{2231B4F9-5B56-4E3E-BD36-068B970444EE}.Debug_MSIX|ARM.Build.0 = Debug|Any CPU
		{2231B4F9-5B56-4E3E-BD36-068B970444EE}.Debug_MSIX|ARM64.ActiveCfg = Debug|Any CPU
		{2231B4F9-5B56-4E3E-BD36-068B970444EE}.Debug_MSIX|ARM64.Build.0 = Debug|Any CPU
		{2231B4F9-5B56-4E3E-BD36-068B970444EE}.Debug_MSIX|x64.ActiveCfg = Debug|Any CPU
		{2231B4F9-5B56-4E3E-BD36-068B970444EE}.Debug_MSIX|x64.Build.0 = Debug|Any CPU
		{2231B4F9-5B56-4E3E-BD36-068B970444EE}.Debug_MSIX|x86.ActiveCfg = Debug|Any CPU
		{2231B4F9-5B56-4E3E-BD36-068B970444EE}.Debug_MSIX|x86.Build.0 = Debug|Any CPU
		{2231B4F9-5B56-4E3E-BD36-068B970444EE}.Debug|Any CPU.ActiveCfg = Debug|Any CPU
		{2231B4F9-5B56-4E3E-BD36-068B970444EE}.Debug|Any CPU.Build.0 = Debug|Any CPU
		{2231B4F9-5B56-4E3E-BD36-068B970444EE}.Debug|ARM.ActiveCfg = Debug|Any CPU
		{2231B4F9-5B56-4E3E-BD36-068B970444EE}.Debug|ARM.Build.0 = Debug|Any CPU
		{2231B4F9-5B56-4E3E-BD36-068B970444EE}.Debug|ARM64.ActiveCfg = Debug|Any CPU
		{2231B4F9-5B56-4E3E-BD36-068B970444EE}.Debug|ARM64.Build.0 = Debug|Any CPU
		{2231B4F9-5B56-4E3E-BD36-068B970444EE}.Debug|x64.ActiveCfg = Debug|Any CPU
		{2231B4F9-5B56-4E3E-BD36-068B970444EE}.Debug|x64.Build.0 = Debug|Any CPU
		{2231B4F9-5B56-4E3E-BD36-068B970444EE}.Debug|x86.ActiveCfg = Debug|Any CPU
		{2231B4F9-5B56-4E3E-BD36-068B970444EE}.Debug|x86.Build.0 = Debug|Any CPU
		{2231B4F9-5B56-4E3E-BD36-068B970444EE}.Release_MSIX|Any CPU.ActiveCfg = Debug|Any CPU
		{2231B4F9-5B56-4E3E-BD36-068B970444EE}.Release_MSIX|Any CPU.Build.0 = Debug|Any CPU
		{2231B4F9-5B56-4E3E-BD36-068B970444EE}.Release_MSIX|ARM.ActiveCfg = Debug|Any CPU
		{2231B4F9-5B56-4E3E-BD36-068B970444EE}.Release_MSIX|ARM.Build.0 = Debug|Any CPU
		{2231B4F9-5B56-4E3E-BD36-068B970444EE}.Release_MSIX|ARM64.ActiveCfg = Debug|Any CPU
		{2231B4F9-5B56-4E3E-BD36-068B970444EE}.Release_MSIX|ARM64.Build.0 = Debug|Any CPU
		{2231B4F9-5B56-4E3E-BD36-068B970444EE}.Release_MSIX|x64.ActiveCfg = Debug|Any CPU
		{2231B4F9-5B56-4E3E-BD36-068B970444EE}.Release_MSIX|x64.Build.0 = Debug|Any CPU
		{2231B4F9-5B56-4E3E-BD36-068B970444EE}.Release_MSIX|x86.ActiveCfg = Debug|Any CPU
		{2231B4F9-5B56-4E3E-BD36-068B970444EE}.Release_MSIX|x86.Build.0 = Debug|Any CPU
		{2231B4F9-5B56-4E3E-BD36-068B970444EE}.Release|Any CPU.ActiveCfg = Release|Any CPU
		{2231B4F9-5B56-4E3E-BD36-068B970444EE}.Release|Any CPU.Build.0 = Release|Any CPU
		{2231B4F9-5B56-4E3E-BD36-068B970444EE}.Release|ARM.ActiveCfg = Release|Any CPU
		{2231B4F9-5B56-4E3E-BD36-068B970444EE}.Release|ARM.Build.0 = Release|Any CPU
		{2231B4F9-5B56-4E3E-BD36-068B970444EE}.Release|ARM64.ActiveCfg = Release|Any CPU
		{2231B4F9-5B56-4E3E-BD36-068B970444EE}.Release|ARM64.Build.0 = Release|Any CPU
		{2231B4F9-5B56-4E3E-BD36-068B970444EE}.Release|x64.ActiveCfg = Release|Any CPU
		{2231B4F9-5B56-4E3E-BD36-068B970444EE}.Release|x64.Build.0 = Release|Any CPU
		{2231B4F9-5B56-4E3E-BD36-068B970444EE}.Release|x86.ActiveCfg = Release|Any CPU
		{2231B4F9-5B56-4E3E-BD36-068B970444EE}.Release|x86.Build.0 = Release|Any CPU
		{565497CA-9E33-41C1-BAE8-8B3A7C0BF6BE}.Debug_MSIX|Any CPU.ActiveCfg = Debug|Any CPU
		{565497CA-9E33-41C1-BAE8-8B3A7C0BF6BE}.Debug_MSIX|Any CPU.Build.0 = Debug|Any CPU
		{565497CA-9E33-41C1-BAE8-8B3A7C0BF6BE}.Debug_MSIX|ARM.ActiveCfg = Debug|Any CPU
		{565497CA-9E33-41C1-BAE8-8B3A7C0BF6BE}.Debug_MSIX|ARM.Build.0 = Debug|Any CPU
		{565497CA-9E33-41C1-BAE8-8B3A7C0BF6BE}.Debug_MSIX|ARM64.ActiveCfg = Debug|Any CPU
		{565497CA-9E33-41C1-BAE8-8B3A7C0BF6BE}.Debug_MSIX|ARM64.Build.0 = Debug|Any CPU
		{565497CA-9E33-41C1-BAE8-8B3A7C0BF6BE}.Debug_MSIX|x64.ActiveCfg = Debug|Any CPU
		{565497CA-9E33-41C1-BAE8-8B3A7C0BF6BE}.Debug_MSIX|x64.Build.0 = Debug|Any CPU
		{565497CA-9E33-41C1-BAE8-8B3A7C0BF6BE}.Debug_MSIX|x86.ActiveCfg = Debug|Any CPU
		{565497CA-9E33-41C1-BAE8-8B3A7C0BF6BE}.Debug_MSIX|x86.Build.0 = Debug|Any CPU
		{565497CA-9E33-41C1-BAE8-8B3A7C0BF6BE}.Debug|Any CPU.ActiveCfg = Debug|Any CPU
		{565497CA-9E33-41C1-BAE8-8B3A7C0BF6BE}.Debug|Any CPU.Build.0 = Debug|Any CPU
		{565497CA-9E33-41C1-BAE8-8B3A7C0BF6BE}.Debug|ARM.ActiveCfg = Debug|Any CPU
		{565497CA-9E33-41C1-BAE8-8B3A7C0BF6BE}.Debug|ARM.Build.0 = Debug|Any CPU
		{565497CA-9E33-41C1-BAE8-8B3A7C0BF6BE}.Debug|ARM64.ActiveCfg = Debug|Any CPU
		{565497CA-9E33-41C1-BAE8-8B3A7C0BF6BE}.Debug|ARM64.Build.0 = Debug|Any CPU
		{565497CA-9E33-41C1-BAE8-8B3A7C0BF6BE}.Debug|x64.ActiveCfg = Debug|Any CPU
		{565497CA-9E33-41C1-BAE8-8B3A7C0BF6BE}.Debug|x64.Build.0 = Debug|Any CPU
		{565497CA-9E33-41C1-BAE8-8B3A7C0BF6BE}.Debug|x86.ActiveCfg = Debug|Any CPU
		{565497CA-9E33-41C1-BAE8-8B3A7C0BF6BE}.Debug|x86.Build.0 = Debug|Any CPU
		{565497CA-9E33-41C1-BAE8-8B3A7C0BF6BE}.Release_MSIX|Any CPU.ActiveCfg = Debug|Any CPU
		{565497CA-9E33-41C1-BAE8-8B3A7C0BF6BE}.Release_MSIX|Any CPU.Build.0 = Debug|Any CPU
		{565497CA-9E33-41C1-BAE8-8B3A7C0BF6BE}.Release_MSIX|ARM.ActiveCfg = Debug|Any CPU
		{565497CA-9E33-41C1-BAE8-8B3A7C0BF6BE}.Release_MSIX|ARM.Build.0 = Debug|Any CPU
		{565497CA-9E33-41C1-BAE8-8B3A7C0BF6BE}.Release_MSIX|ARM64.ActiveCfg = Debug|Any CPU
		{565497CA-9E33-41C1-BAE8-8B3A7C0BF6BE}.Release_MSIX|ARM64.Build.0 = Debug|Any CPU
		{565497CA-9E33-41C1-BAE8-8B3A7C0BF6BE}.Release_MSIX|x64.ActiveCfg = Debug|Any CPU
		{565497CA-9E33-41C1-BAE8-8B3A7C0BF6BE}.Release_MSIX|x64.Build.0 = Debug|Any CPU
		{565497CA-9E33-41C1-BAE8-8B3A7C0BF6BE}.Release_MSIX|x86.ActiveCfg = Debug|Any CPU
		{565497CA-9E33-41C1-BAE8-8B3A7C0BF6BE}.Release_MSIX|x86.Build.0 = Debug|Any CPU
		{565497CA-9E33-41C1-BAE8-8B3A7C0BF6BE}.Release|Any CPU.ActiveCfg = Release|Any CPU
		{565497CA-9E33-41C1-BAE8-8B3A7C0BF6BE}.Release|Any CPU.Build.0 = Release|Any CPU
		{565497CA-9E33-41C1-BAE8-8B3A7C0BF6BE}.Release|ARM.ActiveCfg = Release|Any CPU
		{565497CA-9E33-41C1-BAE8-8B3A7C0BF6BE}.Release|ARM.Build.0 = Release|Any CPU
		{565497CA-9E33-41C1-BAE8-8B3A7C0BF6BE}.Release|ARM64.ActiveCfg = Release|Any CPU
		{565497CA-9E33-41C1-BAE8-8B3A7C0BF6BE}.Release|ARM64.Build.0 = Release|Any CPU
		{565497CA-9E33-41C1-BAE8-8B3A7C0BF6BE}.Release|x64.ActiveCfg = Release|Any CPU
		{565497CA-9E33-41C1-BAE8-8B3A7C0BF6BE}.Release|x64.Build.0 = Release|Any CPU
		{565497CA-9E33-41C1-BAE8-8B3A7C0BF6BE}.Release|x86.ActiveCfg = Release|Any CPU
		{565497CA-9E33-41C1-BAE8-8B3A7C0BF6BE}.Release|x86.Build.0 = Release|Any CPU
		{98A4ECDB-CE9F-474B-A435-530C1D0812DC}.Debug_MSIX|Any CPU.ActiveCfg = Debug|Any CPU
		{98A4ECDB-CE9F-474B-A435-530C1D0812DC}.Debug_MSIX|Any CPU.Build.0 = Debug|Any CPU
		{98A4ECDB-CE9F-474B-A435-530C1D0812DC}.Debug_MSIX|ARM.ActiveCfg = Debug|Any CPU
		{98A4ECDB-CE9F-474B-A435-530C1D0812DC}.Debug_MSIX|ARM.Build.0 = Debug|Any CPU
		{98A4ECDB-CE9F-474B-A435-530C1D0812DC}.Debug_MSIX|ARM64.ActiveCfg = Debug|Any CPU
		{98A4ECDB-CE9F-474B-A435-530C1D0812DC}.Debug_MSIX|ARM64.Build.0 = Debug|Any CPU
		{98A4ECDB-CE9F-474B-A435-530C1D0812DC}.Debug_MSIX|x64.ActiveCfg = Debug|Any CPU
		{98A4ECDB-CE9F-474B-A435-530C1D0812DC}.Debug_MSIX|x64.Build.0 = Debug|Any CPU
		{98A4ECDB-CE9F-474B-A435-530C1D0812DC}.Debug_MSIX|x86.ActiveCfg = Debug|Any CPU
		{98A4ECDB-CE9F-474B-A435-530C1D0812DC}.Debug_MSIX|x86.Build.0 = Debug|Any CPU
		{98A4ECDB-CE9F-474B-A435-530C1D0812DC}.Debug|Any CPU.ActiveCfg = Debug|Any CPU
		{98A4ECDB-CE9F-474B-A435-530C1D0812DC}.Debug|Any CPU.Build.0 = Debug|Any CPU
		{98A4ECDB-CE9F-474B-A435-530C1D0812DC}.Debug|ARM.ActiveCfg = Debug|Any CPU
		{98A4ECDB-CE9F-474B-A435-530C1D0812DC}.Debug|ARM.Build.0 = Debug|Any CPU
		{98A4ECDB-CE9F-474B-A435-530C1D0812DC}.Debug|ARM64.ActiveCfg = Debug|Any CPU
		{98A4ECDB-CE9F-474B-A435-530C1D0812DC}.Debug|ARM64.Build.0 = Debug|Any CPU
		{98A4ECDB-CE9F-474B-A435-530C1D0812DC}.Debug|x64.ActiveCfg = Debug|Any CPU
		{98A4ECDB-CE9F-474B-A435-530C1D0812DC}.Debug|x64.Build.0 = Debug|Any CPU
		{98A4ECDB-CE9F-474B-A435-530C1D0812DC}.Debug|x86.ActiveCfg = Debug|Any CPU
		{98A4ECDB-CE9F-474B-A435-530C1D0812DC}.Debug|x86.Build.0 = Debug|Any CPU
		{98A4ECDB-CE9F-474B-A435-530C1D0812DC}.Release_MSIX|Any CPU.ActiveCfg = Debug|Any CPU
		{98A4ECDB-CE9F-474B-A435-530C1D0812DC}.Release_MSIX|Any CPU.Build.0 = Debug|Any CPU
		{98A4ECDB-CE9F-474B-A435-530C1D0812DC}.Release_MSIX|ARM.ActiveCfg = Debug|Any CPU
		{98A4ECDB-CE9F-474B-A435-530C1D0812DC}.Release_MSIX|ARM.Build.0 = Debug|Any CPU
		{98A4ECDB-CE9F-474B-A435-530C1D0812DC}.Release_MSIX|ARM64.ActiveCfg = Debug|Any CPU
		{98A4ECDB-CE9F-474B-A435-530C1D0812DC}.Release_MSIX|ARM64.Build.0 = Debug|Any CPU
		{98A4ECDB-CE9F-474B-A435-530C1D0812DC}.Release_MSIX|x64.ActiveCfg = Debug|Any CPU
		{98A4ECDB-CE9F-474B-A435-530C1D0812DC}.Release_MSIX|x64.Build.0 = Debug|Any CPU
		{98A4ECDB-CE9F-474B-A435-530C1D0812DC}.Release_MSIX|x86.ActiveCfg = Debug|Any CPU
		{98A4ECDB-CE9F-474B-A435-530C1D0812DC}.Release_MSIX|x86.Build.0 = Debug|Any CPU
		{98A4ECDB-CE9F-474B-A435-530C1D0812DC}.Release|Any CPU.ActiveCfg = Release|Any CPU
		{98A4ECDB-CE9F-474B-A435-530C1D0812DC}.Release|Any CPU.Build.0 = Release|Any CPU
		{98A4ECDB-CE9F-474B-A435-530C1D0812DC}.Release|ARM.ActiveCfg = Release|Any CPU
		{98A4ECDB-CE9F-474B-A435-530C1D0812DC}.Release|ARM.Build.0 = Release|Any CPU
		{98A4ECDB-CE9F-474B-A435-530C1D0812DC}.Release|ARM64.ActiveCfg = Release|Any CPU
		{98A4ECDB-CE9F-474B-A435-530C1D0812DC}.Release|ARM64.Build.0 = Release|Any CPU
		{98A4ECDB-CE9F-474B-A435-530C1D0812DC}.Release|x64.ActiveCfg = Release|Any CPU
		{98A4ECDB-CE9F-474B-A435-530C1D0812DC}.Release|x64.Build.0 = Release|Any CPU
		{98A4ECDB-CE9F-474B-A435-530C1D0812DC}.Release|x86.ActiveCfg = Release|Any CPU
		{98A4ECDB-CE9F-474B-A435-530C1D0812DC}.Release|x86.Build.0 = Release|Any CPU
	EndGlobalSection
	GlobalSection(SolutionProperties) = preSolution
		HideSolutionNode = FALSE
	EndGlobalSection
	GlobalSection(NestedProjects) = preSolution
		{D97171AD-1C66-4A93-9D48-7BEC798ADAA6} = {C60E65AA-B5D2-49BD-B3B9-E3F69F33B77D}
		{E8120023-59D8-4112-90E7-D10A3A799A4C} = {C60E65AA-B5D2-49BD-B3B9-E3F69F33B77D}
		{B6721576-FBFF-4D60-B3CD-0ED70DBA78FC} = {006EDE57-B272-4893-AABA-4F91D431BC0B}
		{D490316C-8D92-41EF-AAF4-26E902E7FF4F} = {15EF562C-48D0-4B0A-9C00-6243232D4BA9}
		{8E0D48FA-FDF5-493C-AC89-9DE25E0D2EB3} = {15EF562C-48D0-4B0A-9C00-6243232D4BA9}
		{7E11FD63-B60B-423E-BF80-101582960C19} = {BE4D37E6-B497-4FA7-8E4B-F884C90FD625}
		{2231B4F9-5B56-4E3E-BD36-068B970444EE} = {BE4D37E6-B497-4FA7-8E4B-F884C90FD625}
		{565497CA-9E33-41C1-BAE8-8B3A7C0BF6BE} = {BE4D37E6-B497-4FA7-8E4B-F884C90FD625}
		{98A4ECDB-CE9F-474B-A435-530C1D0812DC} = {15EF562C-48D0-4B0A-9C00-6243232D4BA9}
	EndGlobalSection
	GlobalSection(ExtensibilityGlobals) = postSolution
		SolutionGuid = {DE85CB48-0314-4D96-A0A2-0E3AC049E3A3}
	EndGlobalSection
EndGlobal
