Microsoft Visual Studio Solution File, Format Version 12.00
# Visual Studio Version 17
VisualStudioVersion = 17.4.33122.133
MinimumVisualStudioVersion = 10.0.40219.1
Project("{9A19103F-16F7-4668-BE54-9A1E7A4F7556}") = "ClassIsland", "ClassIsland\ClassIsland.csproj", "{F78DB747-AB6C-4B83-9139-37DFC58C0146}"
EndProject
Project("{9A19103F-16F7-4668-BE54-9A1E7A4F7556}") = "ClassIsland.UnitTests", "ClassIsland.UnitTests\ClassIsland.UnitTests.csproj", "{0513FA8E-72C8-4CCE-A7B9-9507EC0BFBBA}"
EndProject
Project("{9A19103F-16F7-4668-BE54-9A1E7A4F7556}") = "ClassIsland.Shared", "ClassIsland.Shared\ClassIsland.Shared.csproj", "{1A19A8AD-A401-445A-8C63-77EC5B7C103F}"
EndProject
Project("{9A19103F-16F7-4668-BE54-9A1E7A4F7556}") = "ClassIsland.Core", "ClassIsland.Core\ClassIsland.Core.csproj", "{DF9F0F39-65EE-411C-A982-FC5973AD7F46}"
EndProject
Project("{9A19103F-16F7-4668-BE54-9A1E7A4F7556}") = "ClassIsland.DocsGenerator", "ClassIsland.DocsGenerator\ClassIsland.DocsGenerator.csproj", "{57BCC3A6-3015-4F1C-B258-9BB7ABA60FB0}"
EndProject
Project("{9A19103F-16F7-4668-BE54-9A1E7A4F7556}") = "ClassIsland.Shared.IPC", "ClassIsland.Shared.IPC\ClassIsland.Shared.IPC.csproj", "{99BF6F83-504E-4FE7-99DA-7E0C45D6B64D}"
EndProject
Project("{9A19103F-16F7-4668-BE54-9A1E7A4F7556}") = "ClassIsland.PluginSdk", "ClassIsland.PluginSdk\ClassIsland.PluginSdk.csproj", "{3ADDAAA5-F261-4B8D-9A2A-CE7E27DEBA5A}"
EndProject
Project("{9A19103F-16F7-4668-BE54-9A1E7A4F7556}") = "ClassIsland.ExamplePlugin", "ClassIsland.ExamplePlugin\ClassIsland.ExamplePlugin.csproj", "{4B7FC11A-616F-4E6A-8966-9E7E23665A5A}"
EndProject
Global
	GlobalSection(SolutionConfigurationPlatforms) = preSolution
		Debug|Any CPU = Debug|Any CPU
		Release|Any CPU = Release|Any CPU
	EndGlobalSection
	GlobalSection(ProjectConfigurationPlatforms) = postSolution
		{F78DB747-AB6C-4B83-9139-37DFC58C0146}.Debug|Any CPU.ActiveCfg = Debug|Any CPU
		{F78DB747-AB6C-4B83-9139-37DFC58C0146}.Debug|Any CPU.Build.0 = Debug|Any CPU
		{F78DB747-AB6C-4B83-9139-37DFC58C0146}.Release|Any CPU.ActiveCfg = Release|Any CPU
		{F78DB747-AB6C-4B83-9139-37DFC58C0146}.Release|Any CPU.Build.0 = Release|Any CPU
		{0513FA8E-72C8-4CCE-A7B9-9507EC0BFBBA}.Debug|Any CPU.ActiveCfg = Debug|Any CPU
		{0513FA8E-72C8-4CCE-A7B9-9507EC0BFBBA}.Debug|Any CPU.Build.0 = Debug|Any CPU
		{0513FA8E-72C8-4CCE-A7B9-9507EC0BFBBA}.Release|Any CPU.ActiveCfg = Release|Any CPU
		{0513FA8E-72C8-4CCE-A7B9-9507EC0BFBBA}.Release|Any CPU.Build.0 = Release|Any CPU
		{1A19A8AD-A401-445A-8C63-77EC5B7C103F}.Debug|Any CPU.ActiveCfg = Debug|Any CPU
		{1A19A8AD-A401-445A-8C63-77EC5B7C103F}.Debug|Any CPU.Build.0 = Debug|Any CPU
		{1A19A8AD-A401-445A-8C63-77EC5B7C103F}.Release|Any CPU.ActiveCfg = Release|Any CPU
		{1A19A8AD-A401-445A-8C63-77EC5B7C103F}.Release|Any CPU.Build.0 = Release|Any CPU
		{DF9F0F39-65EE-411C-A982-FC5973AD7F46}.Debug|Any CPU.ActiveCfg = Debug|Any CPU
		{DF9F0F39-65EE-411C-A982-FC5973AD7F46}.Debug|Any CPU.Build.0 = Debug|Any CPU
		{DF9F0F39-65EE-411C-A982-FC5973AD7F46}.Release|Any CPU.ActiveCfg = Release|Any CPU
		{DF9F0F39-65EE-411C-A982-FC5973AD7F46}.Release|Any CPU.Build.0 = Release|Any CPU
		{57BCC3A6-3015-4F1C-B258-9BB7ABA60FB0}.Debug|Any CPU.ActiveCfg = Debug|Any CPU
		{57BCC3A6-3015-4F1C-B258-9BB7ABA60FB0}.Debug|Any CPU.Build.0 = Debug|Any CPU
		{57BCC3A6-3015-4F1C-B258-9BB7ABA60FB0}.Release|Any CPU.ActiveCfg = Release|Any CPU
		{57BCC3A6-3015-4F1C-B258-9BB7ABA60FB0}.Release|Any CPU.Build.0 = Release|Any CPU
		{99BF6F83-504E-4FE7-99DA-7E0C45D6B64D}.Debug|Any CPU.ActiveCfg = Debug|Any CPU
		{99BF6F83-504E-4FE7-99DA-7E0C45D6B64D}.Debug|Any CPU.Build.0 = Debug|Any CPU
		{99BF6F83-504E-4FE7-99DA-7E0C45D6B64D}.Release|Any CPU.ActiveCfg = Release|Any CPU
		{99BF6F83-504E-4FE7-99DA-7E0C45D6B64D}.Release|Any CPU.Build.0 = Release|Any CPU
		{3ADDAAA5-F261-4B8D-9A2A-CE7E27DEBA5A}.Debug|Any CPU.ActiveCfg = Debug|Any CPU
		{3ADDAAA5-F261-4B8D-9A2A-CE7E27DEBA5A}.Debug|Any CPU.Build.0 = Debug|Any CPU
		{3ADDAAA5-F261-4B8D-9A2A-CE7E27DEBA5A}.Release|Any CPU.ActiveCfg = Release|Any CPU
		{3ADDAAA5-F261-4B8D-9A2A-CE7E27DEBA5A}.Release|Any CPU.Build.0 = Release|Any CPU
		{4B7FC11A-616F-4E6A-8966-9E7E23665A5A}.Debug|Any CPU.ActiveCfg = Debug|Any CPU
		{4B7FC11A-616F-4E6A-8966-9E7E23665A5A}.Debug|Any CPU.Build.0 = Debug|Any CPU
		{4B7FC11A-616F-4E6A-8966-9E7E23665A5A}.Release|Any CPU.ActiveCfg = Release|Any CPU
		{4B7FC11A-616F-4E6A-8966-9E7E23665A5A}.Release|Any CPU.Build.0 = Release|Any CPU
	EndGlobalSection
	GlobalSection(SolutionProperties) = preSolution
		HideSolutionNode = FALSE
	EndGlobalSection
	GlobalSection(ExtensibilityGlobals) = postSolution
		SolutionGuid = {DE85CB48-0314-4D96-A0A2-0E3AC049E3A3}
	EndGlobalSection
EndGlobal
